// !$*UTF8*$!
{
	archiveVersion = 1;
	classes = {
	};
	objectVersion = 51;
	objects = {

/* Begin PBXBuildFile section */
		1168AE89F61810D30F639F68 /* Pods_JoackyWriter.framework in Frameworks */ = {isa = PBXBuildFile; fileRef = BACF459DDF776367750D18B5 /* Pods_JoackyWriter.framework */; };
		B170E280261DC4970088EADE /* Assets.xcassets in Resources */ = {isa = PBXBuildFile; fileRef = B170E27F261DC4970088EADE /* Assets.xcassets */; };
		B170E283261DC4970088EADE /* LaunchScreen.storyboard in Resources */ = {isa = PBXBuildFile; fileRef = B170E281261DC4970088EADE /* LaunchScreen.storyboard */; };
		B170E29F261DC5630088EADE /* RecognizedInk.swift in Sources */ = {isa = PBXBuildFile; fileRef = B170E29D261DC5630088EADE /* RecognizedInk.swift */; };
		B170E2A0261DC5630088EADE /* StrokeManager.swift in Sources */ = {isa = PBXBuildFile; fileRef = B170E29E261DC5630088EADE /* StrokeManager.swift */; };
		B180D3F4261DD49500689F65 /* Main.storyboard in Resources */ = {isa = PBXBuildFile; fileRef = B180D3F3261DD49500689F65 /* Main.storyboard */; };
		B180D3FE261DD56300689F65 /* primer print.ttf in Resources */ = {isa = PBXBuildFile; fileRef = B180D3F9261DD56300689F65 /* primer print.ttf */; };
		B180D3FF261DD56300689F65 /* BADABB__.TTF in Resources */ = {isa = PBXBuildFile; fileRef = B180D3FA261DD56300689F65 /* BADABB__.TTF */; };
		B180D401261DD56300689F65 /* RockoFLF.ttf in Resources */ = {isa = PBXBuildFile; fileRef = B180D3FC261DD56300689F65 /* RockoFLF.ttf */; };
		B180D402261DD56300689F65 /* Angelique-Rose-font-FFP.ttf in Resources */ = {isa = PBXBuildFile; fileRef = B180D3FD261DD56300689F65 /* Angelique-Rose-font-FFP.ttf */; };
		B180D409261DD57900689F65 /* success.wav in Resources */ = {isa = PBXBuildFile; fileRef = B180D405261DD57900689F65 /* success.wav */; };
		B180D40A261DD57900689F65 /* background.mp3 in Resources */ = {isa = PBXBuildFile; fileRef = B180D406261DD57900689F65 /* background.mp3 */; };
		B180D40B261DD57900689F65 /* correct_tracing.wav in Resources */ = {isa = PBXBuildFile; fileRef = B180D407261DD57900689F65 /* correct_tracing.wav */; };
		B180D40C261DD57900689F65 /* trace.wav in Resources */ = {isa = PBXBuildFile; fileRef = B180D408261DD57900689F65 /* trace.wav */; };
		B180D416261DD5AB00689F65 /* Account.swift in Sources */ = {isa = PBXBuildFile; fileRef = B180D410261DD5AB00689F65 /* Account.swift */; };
		B180D417261DD5AB00689F65 /* AppDelegate.swift in Sources */ = {isa = PBXBuildFile; fileRef = B180D411261DD5AB00689F65 /* AppDelegate.swift */; };
		B180D418261DD5AB00689F65 /* String.swift in Sources */ = {isa = PBXBuildFile; fileRef = B180D412261DD5AB00689F65 /* String.swift */; };
		B180D419261DD5AB00689F65 /* Utils.swift in Sources */ = {isa = PBXBuildFile; fileRef = B180D413261DD5AB00689F65 /* Utils.swift */; };
		B180D41A261DD5AB00689F65 /* Label.swift in Sources */ = {isa = PBXBuildFile; fileRef = B180D414261DD5AB00689F65 /* Label.swift */; };
		B180D41B261DD5AB00689F65 /* Sounds.swift in Sources */ = {isa = PBXBuildFile; fileRef = B180D415261DD5AB00689F65 /* Sounds.swift */; };
		B180D421261DD5D900689F65 /* UIImage.swift in Sources */ = {isa = PBXBuildFile; fileRef = B180D41E261DD5D900689F65 /* UIImage.swift */; };
		B180D422261DD5D900689F65 /* CALayer.swift in Sources */ = {isa = PBXBuildFile; fileRef = B180D41F261DD5D900689F65 /* CALayer.swift */; };
		B180D423261DD5D900689F65 /* UIColor.swift in Sources */ = {isa = PBXBuildFile; fileRef = B180D420261DD5D900689F65 /* UIColor.swift */; };
		B180D437261DD61700689F65 /* HomeViewController.swift in Sources */ = {isa = PBXBuildFile; fileRef = B180D428261DD61700689F65 /* HomeViewController.swift */; };
		B180D438261DD61700689F65 /* ChildInfoCell.swift in Sources */ = {isa = PBXBuildFile; fileRef = B180D429261DD61700689F65 /* ChildInfoCell.swift */; };
		B180D439261DD61700689F65 /* RewardsViewController.swift in Sources */ = {isa = PBXBuildFile; fileRef = B180D42A261DD61700689F65 /* RewardsViewController.swift */; };
		B180D43A261DD61700689F65 /* PuzzleCell.swift in Sources */ = {isa = PBXBuildFile; fileRef = B180D42B261DD61700689F65 /* PuzzleCell.swift */; };
		B180D43B261DD61700689F65 /* SentencesViewController.swift in Sources */ = {isa = PBXBuildFile; fileRef = B180D42C261DD61700689F65 /* SentencesViewController.swift */; };
		B180D43C261DD61700689F65 /* SpeechViewController.swift in Sources */ = {isa = PBXBuildFile; fileRef = B180D42D261DD61700689F65 /* SpeechViewController.swift */; };
		B180D43D261DD61700689F65 /* SentenceCell.swift in Sources */ = {isa = PBXBuildFile; fileRef = B180D42E261DD61700689F65 /* SentenceCell.swift */; };
		B180D43E261DD61700689F65 /* CardCell.swift in Sources */ = {isa = PBXBuildFile; fileRef = B180D42F261DD61700689F65 /* CardCell.swift */; };
		B180D43F261DD61700689F65 /* LettersViewController.swift in Sources */ = {isa = PBXBuildFile; fileRef = B180D430261DD61700689F65 /* LettersViewController.swift */; };
		B180D440261DD61700689F65 /* DrawItemCell.swift in Sources */ = {isa = PBXBuildFile; fileRef = B180D431261DD61700689F65 /* DrawItemCell.swift */; };
		B180D441261DD61700689F65 /* CustomRewardViewController.swift in Sources */ = {isa = PBXBuildFile; fileRef = B180D432261DD61700689F65 /* CustomRewardViewController.swift */; };
		B180D442261DD61700689F65 /* CustomWordsViewController.swift in Sources */ = {isa = PBXBuildFile; fileRef = B180D433261DD61700689F65 /* CustomWordsViewController.swift */; };
		B180D443261DD61700689F65 /* SettingsViewController.swift in Sources */ = {isa = PBXBuildFile; fileRef = B180D434261DD61700689F65 /* SettingsViewController.swift */; };
		B180D444261DD61700689F65 /* WordsViewController.swift in Sources */ = {isa = PBXBuildFile; fileRef = B180D435261DD61700689F65 /* WordsViewController.swift */; };
		B180D445261DD61700689F65 /* NumbersViewController.swift in Sources */ = {isa = PBXBuildFile; fileRef = B180D436261DD61700689F65 /* NumbersViewController.swift */; };
		B180D450261DD62800689F65 /* ChoiceSubCategoryViewController.swift in Sources */ = {isa = PBXBuildFile; fileRef = B180D448261DD62800689F65 /* ChoiceSubCategoryViewController.swift */; };
		B180D451261DD62800689F65 /* CameraHandler.swift in Sources */ = {isa = PBXBuildFile; fileRef = B180D449261DD62800689F65 /* CameraHandler.swift */; };
		B180D452261DD62800689F65 /* DetailViewController.swift in Sources */ = {isa = PBXBuildFile; fileRef = B180D44A261DD62800689F65 /* DetailViewController.swift */; };
		B180D453261DD62800689F65 /* phrase.plist in Resources */ = {isa = PBXBuildFile; fileRef = B180D44B261DD62800689F65 /* phrase.plist */; };
		B180D454261DD62800689F65 /* AddViewController.swift in Sources */ = {isa = PBXBuildFile; fileRef = B180D44C261DD62800689F65 /* AddViewController.swift */; };
		B180D455261DD62800689F65 /* ChoiceCategoryViewController.swift in Sources */ = {isa = PBXBuildFile; fileRef = B180D44D261DD62800689F65 /* ChoiceCategoryViewController.swift */; };
		B180D456261DD62800689F65 /* ContactSelectionViewController.swift in Sources */ = {isa = PBXBuildFile; fileRef = B180D44E261DD62800689F65 /* ContactSelectionViewController.swift */; };
		B180D457261DD62800689F65 /* AddContactViewController.swift in Sources */ = {isa = PBXBuildFile; fileRef = B180D44F261DD62800689F65 /* AddContactViewController.swift */; };
		B180D45D261DD63D00689F65 /* ContactModel.swift in Sources */ = {isa = PBXBuildFile; fileRef = B180D45A261DD63D00689F65 /* ContactModel.swift */; };
		B180D45E261DD63D00689F65 /* SubCategoryModel.swift in Sources */ = {isa = PBXBuildFile; fileRef = B180D45B261DD63D00689F65 /* SubCategoryModel.swift */; };
		B180D45F261DD63D00689F65 /* CategoryModel.swift in Sources */ = {isa = PBXBuildFile; fileRef = B180D45C261DD63D00689F65 /* CategoryModel.swift */; };
		B180D46A261DD64C00689F65 /* LowercaseLetters.swift in Sources */ = {isa = PBXBuildFile; fileRef = B180D461261DD64C00689F65 /* LowercaseLetters.swift */; };
		B180D46B261DD64C00689F65 /* DrawingViewController.swift in Sources */ = {isa = PBXBuildFile; fileRef = B180D462261DD64C00689F65 /* DrawingViewController.swift */; };
		B180D46C261DD64C00689F65 /* TokenEconomyBoardView.swift in Sources */ = {isa = PBXBuildFile; fileRef = B180D463261DD64C00689F65 /* TokenEconomyBoardView.swift */; };
		B180D46D261DD64C00689F65 /* DrawingView.swift in Sources */ = {isa = PBXBuildFile; fileRef = B180D464261DD64C00689F65 /* DrawingView.swift */; };
		B180D46E261DD64C00689F65 /* UppercaseLetters.swift in Sources */ = {isa = PBXBuildFile; fileRef = B180D465261DD64C00689F65 /* UppercaseLetters.swift */; };
		B180D46F261DD64C00689F65 /* InsetLabel.swift in Sources */ = {isa = PBXBuildFile; fileRef = B180D466261DD64C00689F65 /* InsetLabel.swift */; };
		B180D470261DD64C00689F65 /* Numbers.swift in Sources */ = {isa = PBXBuildFile; fileRef = B180D467261DD64C00689F65 /* Numbers.swift */; };
		B180D471261DD64C00689F65 /* UIBezierPath.swift in Sources */ = {isa = PBXBuildFile; fileRef = B180D468261DD64C00689F65 /* UIBezierPath.swift */; };
		B180D472261DD64C00689F65 /* Shapes.swift in Sources */ = {isa = PBXBuildFile; fileRef = B180D469261DD64C00689F65 /* Shapes.swift */; };
		B180D479261DD65600689F65 /* ExpressionSolvingViewController.swift in Sources */ = {isa = PBXBuildFile; fileRef = B180D474261DD65500689F65 /* ExpressionSolvingViewController.swift */; };
		B180D47A261DD65600689F65 /* MathViewController.swift in Sources */ = {isa = PBXBuildFile; fileRef = B180D475261DD65500689F65 /* MathViewController.swift */; };
		B180D47B261DD65600689F65 /* ArithmeticExpressionView.swift in Sources */ = {isa = PBXBuildFile; fileRef = B180D476261DD65500689F65 /* ArithmeticExpressionView.swift */; };
		B180D47C261DD65600689F65 /* CirclesView.swift in Sources */ = {isa = PBXBuildFile; fileRef = B180D477261DD65600689F65 /* CirclesView.swift */; };
		B180D47D261DD65600689F65 /* ArithmeticExpressionViewController.swift in Sources */ = {isa = PBXBuildFile; fileRef = B180D478261DD65600689F65 /* ArithmeticExpressionViewController.swift */; };
		B1B5426428072C680056C313 /* NewChoiceVC+Extension.swift in Sources */ = {isa = PBXBuildFile; fileRef = B1B5426328072C680056C313 /* NewChoiceVC+Extension.swift */; };
		B1EEE1122816BF8F0047C6A9 /* Interface.storyboard in Resources */ = {isa = PBXBuildFile; fileRef = B1EEE1102816BF8F0047C6A9 /* Interface.storyboard */; };
		B1EEE1142816BF960047C6A9 /* Assets.xcassets in Resources */ = {isa = PBXBuildFile; fileRef = B1EEE1132816BF960047C6A9 /* Assets.xcassets */; };
		B1EEE11A2816BF960047C6A9 /* JoackyWriteriWatchApp WatchKit Extension.appex in Embed App Extensions */ = {isa = PBXBuildFile; fileRef = B1EEE1192816BF960047C6A9 /* JoackyWriteriWatchApp WatchKit Extension.appex */; settings = {ATTRIBUTES = (RemoveHeadersOnCopy, ); }; };
		B1EEE11F2816BF960047C6A9 /* InterfaceController.swift in Sources */ = {isa = PBXBuildFile; fileRef = B1EEE11E2816BF960047C6A9 /* InterfaceController.swift */; };
		B1EEE1212816BF960047C6A9 /* ExtensionDelegate.swift in Sources */ = {isa = PBXBuildFile; fileRef = B1EEE1202816BF960047C6A9 /* ExtensionDelegate.swift */; };
		B1EEE1232816BF960047C6A9 /* NotificationController.swift in Sources */ = {isa = PBXBuildFile; fileRef = B1EEE1222816BF960047C6A9 /* NotificationController.swift */; };
		B1EEE1252816BF960047C6A9 /* ComplicationController.swift in Sources */ = {isa = PBXBuildFile; fileRef = B1EEE1242816BF960047C6A9 /* ComplicationController.swift */; };
		B1EEE1272816BF970047C6A9 /* Assets.xcassets in Resources */ = {isa = PBXBuildFile; fileRef = B1EEE1262816BF970047C6A9 /* Assets.xcassets */; };
		B1EEE12C2816BF970047C6A9 /* JoackyWriteriWatchApp.app in Embed Watch Content */ = {isa = PBXBuildFile; fileRef = B1EEE10E2816BF8F0047C6A9 /* JoackyWriteriWatchApp.app */; settings = {ATTRIBUTES = (RemoveHeadersOnCopy, ); }; };
		FD0966332626275500733D93 /* WriteBoardViewController.swift in Sources */ = {isa = PBXBuildFile; fileRef = FD0966322626275500733D93 /* WriteBoardViewController.swift */; };
		FD096637262627B700733D93 /* WriteStoryboard.storyboard in Resources */ = {isa = PBXBuildFile; fileRef = FD096635262627B700733D93 /* WriteStoryboard.storyboard */; };
		FD0A8E772636F47D00CCB586 /* RoundButton.swift in Sources */ = {isa = PBXBuildFile; fileRef = FD0A8E762636F47D00CCB586 /* RoundButton.swift */; };
		FD0A8E842636FD0600CCB586 /* Calculator.swift in Sources */ = {isa = PBXBuildFile; fileRef = FD0A8E812636FD0600CCB586 /* Calculator.swift */; };
		FD0A8E852636FD0600CCB586 /* Double.swift in Sources */ = {isa = PBXBuildFile; fileRef = FD0A8E822636FD0600CCB586 /* Double.swift */; };
		FD0A8E862636FD0600CCB586 /* MathViewController1.swift in Sources */ = {isa = PBXBuildFile; fileRef = FD0A8E832636FD0600CCB586 /* MathViewController1.swift */; };
		FD0BE7DD26F13F750059CAD0 /* iPad_Choice.storyboard in Resources */ = {isa = PBXBuildFile; fileRef = FD0BE7DB26F13F750059CAD0 /* iPad_Choice.storyboard */; };
		FD0BE7DE26F13F750059CAD0 /* iPhone_Choice.storyboard in Resources */ = {isa = PBXBuildFile; fileRef = FD0BE7DC26F13F750059CAD0 /* iPhone_Choice.storyboard */; };
		FD40088926C65ADD009B6DEC /* SCAudioManager.m in Sources */ = {isa = PBXBuildFile; fileRef = FD40088726C65ADD009B6DEC /* SCAudioManager.m */; };
		FD40089026C65B02009B6DEC /* WaveformImageDrawer.swift in Sources */ = {isa = PBXBuildFile; fileRef = FD40088A26C65B01009B6DEC /* WaveformImageDrawer.swift */; };
		FD40089126C65B02009B6DEC /* TempiFFT.swift in Sources */ = {isa = PBXBuildFile; fileRef = FD40088B26C65B01009B6DEC /* TempiFFT.swift */; };
		FD40089226C65B02009B6DEC /* WaveformImageTypes.swift in Sources */ = {isa = PBXBuildFile; fileRef = FD40088C26C65B01009B6DEC /* WaveformImageTypes.swift */; };
		FD40089326C65B02009B6DEC /* WaveformImageView.swift in Sources */ = {isa = PBXBuildFile; fileRef = FD40088D26C65B01009B6DEC /* WaveformImageView.swift */; };
		FD40089426C65B02009B6DEC /* WaveformAnalyzer.swift in Sources */ = {isa = PBXBuildFile; fileRef = FD40088E26C65B02009B6DEC /* WaveformAnalyzer.swift */; };
		FD40089526C65B02009B6DEC /* WaveformLiveView.swift in Sources */ = {isa = PBXBuildFile; fileRef = FD40088F26C65B02009B6DEC /* WaveformLiveView.swift */; };
		FD40089926C65B1F009B6DEC /* UIColorInputError.swift in Sources */ = {isa = PBXBuildFile; fileRef = FD40089626C65B1F009B6DEC /* UIColorInputError.swift */; };
		FD40089A26C65B1F009B6DEC /* StringExtension.swift in Sources */ = {isa = PBXBuildFile; fileRef = FD40089726C65B1F009B6DEC /* StringExtension.swift */; };
		FD40089B26C65B1F009B6DEC /* UIColorExtension.swift in Sources */ = {isa = PBXBuildFile; fileRef = FD40089826C65B1F009B6DEC /* UIColorExtension.swift */; };
		FD4008A426C65B2E009B6DEC /* CustomButton.swift in Sources */ = {isa = PBXBuildFile; fileRef = FD40089C26C65B2D009B6DEC /* CustomButton.swift */; };
		FD4008A526C65B2E009B6DEC /* CameraHandler1.swift in Sources */ = {isa = PBXBuildFile; fileRef = FD40089D26C65B2D009B6DEC /* CameraHandler1.swift */; };
		FD4008A626C65B2E009B6DEC /* GradientButton.swift in Sources */ = {isa = PBXBuildFile; fileRef = FD40089E26C65B2D009B6DEC /* GradientButton.swift */; };
		FD4008A726C65B2E009B6DEC /* GradientView.swift in Sources */ = {isa = PBXBuildFile; fileRef = FD40089F26C65B2D009B6DEC /* GradientView.swift */; };
		FD4008A826C65B2E009B6DEC /* CustomView.swift in Sources */ = {isa = PBXBuildFile; fileRef = FD4008A026C65B2D009B6DEC /* CustomView.swift */; };
		FD4008A926C65B2E009B6DEC /* GradientView1.swift in Sources */ = {isa = PBXBuildFile; fileRef = FD4008A126C65B2D009B6DEC /* GradientView1.swift */; };
		FD4008AA26C65B2E009B6DEC /* CustomImageView.swift in Sources */ = {isa = PBXBuildFile; fileRef = FD4008A226C65B2E009B6DEC /* CustomImageView.swift */; };
		FD4008AB26C65B2E009B6DEC /* NavigationBarGradientBG.swift in Sources */ = {isa = PBXBuildFile; fileRef = FD4008A326C65B2E009B6DEC /* NavigationBarGradientBG.swift */; };
		FD4008B526C65C9B009B6DEC /* selectedChoiceWords.swift in Sources */ = {isa = PBXBuildFile; fileRef = FD4008AE26C65C9A009B6DEC /* selectedChoiceWords.swift */; };
		FD4008B626C65C9B009B6DEC /* AddChoiceVC.swift in Sources */ = {isa = PBXBuildFile; fileRef = FD4008AF26C65C9A009B6DEC /* AddChoiceVC.swift */; };
		FD4008B726C65C9B009B6DEC /* ChoiceClVwCell.swift in Sources */ = {isa = PBXBuildFile; fileRef = FD4008B026C65C9B009B6DEC /* ChoiceClVwCell.swift */; };
		FD4008B826C65C9B009B6DEC /* SelectedChoiceCell.swift in Sources */ = {isa = PBXBuildFile; fileRef = FD4008B126C65C9B009B6DEC /* SelectedChoiceCell.swift */; };
		FD4008B926C65C9B009B6DEC /* NewChoiceVC.swift in Sources */ = {isa = PBXBuildFile; fileRef = FD4008B226C65C9B009B6DEC /* NewChoiceVC.swift */; };
		FD4008BA26C65C9B009B6DEC /* Choices.swift in Sources */ = {isa = PBXBuildFile; fileRef = FD4008B326C65C9B009B6DEC /* Choices.swift */; };
		FD4008BB26C65C9B009B6DEC /* DBHelper.swift in Sources */ = {isa = PBXBuildFile; fileRef = FD4008B426C65C9B009B6DEC /* DBHelper.swift */; };
		FD662DCC26772833006A55F7 /* ScanToTextVC.swift in Sources */ = {isa = PBXBuildFile; fileRef = FD662DCB26772832006A55F7 /* ScanToTextVC.swift */; };
		FD83BBD726768CB0000FE4DD /* +UIImage.swift in Sources */ = {isa = PBXBuildFile; fileRef = FD83BBD426768CAF000FE4DD /* +UIImage.swift */; };
		FD83BBD826768CB0000FE4DD /* ScaledElementProcessor.swift in Sources */ = {isa = PBXBuildFile; fileRef = FD83BBD526768CB0000FE4DD /* ScaledElementProcessor.swift */; };
		FD83BBE026768F4C000FE4DD /* ObelixPro-cyr.ttf in Resources */ = {isa = PBXBuildFile; fileRef = FD83BBDC26768F4B000FE4DD /* ObelixPro-cyr.ttf */; };
		FD83BBE126768F4C000FE4DD /* ObelixProBIt-cyr.ttf in Resources */ = {isa = PBXBuildFile; fileRef = FD83BBDD26768F4C000FE4DD /* ObelixProBIt-cyr.ttf */; };
		FD83BBE226768F4C000FE4DD /* ObelixProB-cyr.ttf in Resources */ = {isa = PBXBuildFile; fileRef = FD83BBDE26768F4C000FE4DD /* ObelixProB-cyr.ttf */; };
		FD83BBE326768F4C000FE4DD /* ObelixProIt-cyr.ttf in Resources */ = {isa = PBXBuildFile; fileRef = FD83BBDF26768F4C000FE4DD /* ObelixProIt-cyr.ttf */; };
		FD86C8E72714D26700397AF3 /* SuggetionVC.swift in Sources */ = {isa = PBXBuildFile; fileRef = FD86C8E62714D26700397AF3 /* SuggetionVC.swift */; };
		FDA34D6D26771B3600B40781 /* UIView+.swift in Sources */ = {isa = PBXBuildFile; fileRef = FDA34D6326771B3100B40781 /* UIView+.swift */; };
		FDA34D6E26771B3600B40781 /* CropResult.swift in Sources */ = {isa = PBXBuildFile; fileRef = FDA34D6426771B3100B40781 /* CropResult.swift */; };
		FDA34D6F26771B3600B40781 /* UIImage+.swift in Sources */ = {isa = PBXBuildFile; fileRef = FDA34D6526771B3100B40781 /* UIImage+.swift */; };
		FDA34D7026771B3600B40781 /* LineButton.swift in Sources */ = {isa = PBXBuildFile; fileRef = FDA34D6626771B3200B40781 /* LineButton.swift */; };
		FDA34D7126771B3600B40781 /* BezierPath+.swift in Sources */ = {isa = PBXBuildFile; fileRef = FDA34D6726771B3300B40781 /* BezierPath+.swift */; };
		FDA34D7226771B3600B40781 /* CropDimView.swift in Sources */ = {isa = PBXBuildFile; fileRef = FDA34D6826771B3300B40781 /* CropDimView.swift */; };
		FDA34D7326771B3600B40781 /* UIImageView+.swift in Sources */ = {isa = PBXBuildFile; fileRef = FDA34D6926771B3400B40781 /* UIImageView+.swift */; };
		FDA34D7426771B3600B40781 /* NSLayoutConstraint+.swift in Sources */ = {isa = PBXBuildFile; fileRef = FDA34D6A26771B3500B40781 /* NSLayoutConstraint+.swift */; };
		FDA34D7526771B3600B40781 /* CropPickerView.swift in Sources */ = {isa = PBXBuildFile; fileRef = FDA34D6B26771B3600B40781 /* CropPickerView.swift */; };
		FDA34D7626771B3600B40781 /* CropView.swift in Sources */ = {isa = PBXBuildFile; fileRef = FDA34D6C26771B3600B40781 /* CropView.swift */; };
		FDA92C2F26F65DDF008EBC15 /* GoogleService-Info.plist in Resources */ = {isa = PBXBuildFile; fileRef = FDA92C2E26F65DDF008EBC15 /* GoogleService-Info.plist */; };
		FDAB47F7267AA7DD0000DF39 /* primer print bold.otf in Resources */ = {isa = PBXBuildFile; fileRef = FDAB47F6267AA7DD0000DF39 /* primer print bold.otf */; };
		FDAB47F9267AAA5F0000DF39 /* ComicSansMSBold.ttf in Resources */ = {isa = PBXBuildFile; fileRef = FDAB47F8267AAA5F0000DF39 /* ComicSansMSBold.ttf */; };
		FDAB47FB267AABA70000DF39 /* ComicSansMSRegular.ttf in Resources */ = {isa = PBXBuildFile; fileRef = FDAB47FA267AABA70000DF39 /* ComicSansMSRegular.ttf */; };
		FDB5C1A82620E78100F0DCFC /* PhraseViewController.swift in Sources */ = {isa = PBXBuildFile; fileRef = FDB5C1A72620E78100F0DCFC /* PhraseViewController.swift */; };
		FDB5C1AB2620E7CE00F0DCFC /* Toast.swift in Sources */ = {isa = PBXBuildFile; fileRef = FDB5C1AA2620E7CE00F0DCFC /* Toast.swift */; };
		FDCFE9B02676BDD5009C920D /* GetTextFromScanViewController.swift in Sources */ = {isa = PBXBuildFile; fileRef = FDCFE9AF2676BDD5009C920D /* GetTextFromScanViewController.swift */; };
/* End PBXBuildFile section */

/* Begin PBXContainerItemProxy section */
		B1EEE11B2816BF960047C6A9 /* PBXContainerItemProxy */ = {
			isa = PBXContainerItemProxy;
			containerPortal = B170E26B261DC4950088EADE /* Project object */;
			proxyType = 1;
			remoteGlobalIDString = B1EEE1182816BF960047C6A9;
			remoteInfo = "JoackyWriteriWatchApp WatchKit Extension";
		};
		B1EEE12A2816BF970047C6A9 /* PBXContainerItemProxy */ = {
			isa = PBXContainerItemProxy;
			containerPortal = B170E26B261DC4950088EADE /* Project object */;
			proxyType = 1;
			remoteGlobalIDString = B1EEE10D2816BF8F0047C6A9;
			remoteInfo = JoackyWriteriWatchApp;
		};
/* End PBXContainerItemProxy section */

/* Begin PBXCopyFilesBuildPhase section */
		B1EEE12D2816BF970047C6A9 /* Embed Watch Content */ = {
			isa = PBXCopyFilesBuildPhase;
			buildActionMask = 2147483647;
			dstPath = "$(CONTENTS_FOLDER_PATH)/Watch";
			dstSubfolderSpec = 16;
			files = (
				B1EEE12C2816BF970047C6A9 /* JoackyWriteriWatchApp.app in Embed Watch Content */,
			);
			name = "Embed Watch Content";
			runOnlyForDeploymentPostprocessing = 0;
		};
		B1EEE1302816BF970047C6A9 /* Embed App Extensions */ = {
			isa = PBXCopyFilesBuildPhase;
			buildActionMask = 2147483647;
			dstPath = "";
			dstSubfolderSpec = 13;
			files = (
				B1EEE11A2816BF960047C6A9 /* JoackyWriteriWatchApp WatchKit Extension.appex in Embed App Extensions */,
			);
			name = "Embed App Extensions";
			runOnlyForDeploymentPostprocessing = 0;
		};
/* End PBXCopyFilesBuildPhase section */

/* Begin PBXFileReference section */
		135428BC1380ACB19DB6FCC8 /* Pods-JoackyWriter.debug.xcconfig */ = {isa = PBXFileReference; includeInIndex = 1; lastKnownFileType = text.xcconfig; name = "Pods-JoackyWriter.debug.xcconfig"; path = "Target Support Files/Pods-JoackyWriter/Pods-JoackyWriter.debug.xcconfig"; sourceTree = "<group>"; };
		AD2E68EFFDBFBA8B6138D0E0 /* Pods-JoackyWriter.release.xcconfig */ = {isa = PBXFileReference; includeInIndex = 1; lastKnownFileType = text.xcconfig; name = "Pods-JoackyWriter.release.xcconfig"; path = "Target Support Files/Pods-JoackyWriter/Pods-JoackyWriter.release.xcconfig"; sourceTree = "<group>"; };
		B170E273261DC4950088EADE /* JoackyWriter.app */ = {isa = PBXFileReference; explicitFileType = wrapper.application; includeInIndex = 0; path = JoackyWriter.app; sourceTree = BUILT_PRODUCTS_DIR; };
		B170E27F261DC4970088EADE /* Assets.xcassets */ = {isa = PBXFileReference; lastKnownFileType = folder.assetcatalog; path = Assets.xcassets; sourceTree = "<group>"; };
		B170E282261DC4970088EADE /* Base */ = {isa = PBXFileReference; lastKnownFileType = file.storyboard; name = Base; path = Base.lproj/LaunchScreen.storyboard; sourceTree = "<group>"; };
		B170E29D261DC5630088EADE /* RecognizedInk.swift */ = {isa = PBXFileReference; fileEncoding = 4; lastKnownFileType = sourcecode.swift; path = RecognizedInk.swift; sourceTree = "<group>"; };
		B170E29E261DC5630088EADE /* StrokeManager.swift */ = {isa = PBXFileReference; fileEncoding = 4; lastKnownFileType = sourcecode.swift; path = StrokeManager.swift; sourceTree = "<group>"; };
		B180D3F3261DD49500689F65 /* Main.storyboard */ = {isa = PBXFileReference; fileEncoding = 4; lastKnownFileType = file.storyboard; name = Main.storyboard; path = Base.lproj/Main.storyboard; sourceTree = "<group>"; };
		B180D3F9261DD56300689F65 /* primer print.ttf */ = {isa = PBXFileReference; lastKnownFileType = file; path = "primer print.ttf"; sourceTree = "<group>"; };
		B180D3FA261DD56300689F65 /* BADABB__.TTF */ = {isa = PBXFileReference; lastKnownFileType = file; path = BADABB__.TTF; sourceTree = "<group>"; };
		B180D3FC261DD56300689F65 /* RockoFLF.ttf */ = {isa = PBXFileReference; lastKnownFileType = file; path = RockoFLF.ttf; sourceTree = "<group>"; };
		B180D3FD261DD56300689F65 /* Angelique-Rose-font-FFP.ttf */ = {isa = PBXFileReference; lastKnownFileType = file; path = "Angelique-Rose-font-FFP.ttf"; sourceTree = "<group>"; };
		B180D405261DD57900689F65 /* success.wav */ = {isa = PBXFileReference; lastKnownFileType = audio.wav; path = success.wav; sourceTree = "<group>"; };
		B180D406261DD57900689F65 /* background.mp3 */ = {isa = PBXFileReference; lastKnownFileType = audio.mp3; path = background.mp3; sourceTree = "<group>"; };
		B180D407261DD57900689F65 /* correct_tracing.wav */ = {isa = PBXFileReference; lastKnownFileType = audio.wav; path = correct_tracing.wav; sourceTree = "<group>"; };
		B180D408261DD57900689F65 /* trace.wav */ = {isa = PBXFileReference; lastKnownFileType = audio.wav; path = trace.wav; sourceTree = "<group>"; };
		B180D410261DD5AB00689F65 /* Account.swift */ = {isa = PBXFileReference; fileEncoding = 4; lastKnownFileType = sourcecode.swift; path = Account.swift; sourceTree = "<group>"; };
		B180D411261DD5AB00689F65 /* AppDelegate.swift */ = {isa = PBXFileReference; fileEncoding = 4; lastKnownFileType = sourcecode.swift; path = AppDelegate.swift; sourceTree = "<group>"; };
		B180D412261DD5AB00689F65 /* String.swift */ = {isa = PBXFileReference; fileEncoding = 4; lastKnownFileType = sourcecode.swift; path = String.swift; sourceTree = "<group>"; };
		B180D413261DD5AB00689F65 /* Utils.swift */ = {isa = PBXFileReference; fileEncoding = 4; lastKnownFileType = sourcecode.swift; path = Utils.swift; sourceTree = "<group>"; };
		B180D414261DD5AB00689F65 /* Label.swift */ = {isa = PBXFileReference; fileEncoding = 4; lastKnownFileType = sourcecode.swift; path = Label.swift; sourceTree = "<group>"; };
		B180D415261DD5AB00689F65 /* Sounds.swift */ = {isa = PBXFileReference; fileEncoding = 4; lastKnownFileType = sourcecode.swift; path = Sounds.swift; sourceTree = "<group>"; };
		B180D41E261DD5D900689F65 /* UIImage.swift */ = {isa = PBXFileReference; fileEncoding = 4; lastKnownFileType = sourcecode.swift; path = UIImage.swift; sourceTree = "<group>"; };
		B180D41F261DD5D900689F65 /* CALayer.swift */ = {isa = PBXFileReference; fileEncoding = 4; lastKnownFileType = sourcecode.swift; path = CALayer.swift; sourceTree = "<group>"; };
		B180D420261DD5D900689F65 /* UIColor.swift */ = {isa = PBXFileReference; fileEncoding = 4; lastKnownFileType = sourcecode.swift; path = UIColor.swift; sourceTree = "<group>"; };
		B180D428261DD61700689F65 /* HomeViewController.swift */ = {isa = PBXFileReference; fileEncoding = 4; lastKnownFileType = sourcecode.swift; path = HomeViewController.swift; sourceTree = "<group>"; };
		B180D429261DD61700689F65 /* ChildInfoCell.swift */ = {isa = PBXFileReference; fileEncoding = 4; lastKnownFileType = sourcecode.swift; path = ChildInfoCell.swift; sourceTree = "<group>"; };
		B180D42A261DD61700689F65 /* RewardsViewController.swift */ = {isa = PBXFileReference; fileEncoding = 4; lastKnownFileType = sourcecode.swift; path = RewardsViewController.swift; sourceTree = "<group>"; };
		B180D42B261DD61700689F65 /* PuzzleCell.swift */ = {isa = PBXFileReference; fileEncoding = 4; lastKnownFileType = sourcecode.swift; path = PuzzleCell.swift; sourceTree = "<group>"; };
		B180D42C261DD61700689F65 /* SentencesViewController.swift */ = {isa = PBXFileReference; fileEncoding = 4; lastKnownFileType = sourcecode.swift; path = SentencesViewController.swift; sourceTree = "<group>"; };
		B180D42D261DD61700689F65 /* SpeechViewController.swift */ = {isa = PBXFileReference; fileEncoding = 4; lastKnownFileType = sourcecode.swift; path = SpeechViewController.swift; sourceTree = "<group>"; };
		B180D42E261DD61700689F65 /* SentenceCell.swift */ = {isa = PBXFileReference; fileEncoding = 4; lastKnownFileType = sourcecode.swift; path = SentenceCell.swift; sourceTree = "<group>"; };
		B180D42F261DD61700689F65 /* CardCell.swift */ = {isa = PBXFileReference; fileEncoding = 4; lastKnownFileType = sourcecode.swift; path = CardCell.swift; sourceTree = "<group>"; };
		B180D430261DD61700689F65 /* LettersViewController.swift */ = {isa = PBXFileReference; fileEncoding = 4; lastKnownFileType = sourcecode.swift; path = LettersViewController.swift; sourceTree = "<group>"; };
		B180D431261DD61700689F65 /* DrawItemCell.swift */ = {isa = PBXFileReference; fileEncoding = 4; lastKnownFileType = sourcecode.swift; path = DrawItemCell.swift; sourceTree = "<group>"; };
		B180D432261DD61700689F65 /* CustomRewardViewController.swift */ = {isa = PBXFileReference; fileEncoding = 4; lastKnownFileType = sourcecode.swift; path = CustomRewardViewController.swift; sourceTree = "<group>"; };
		B180D433261DD61700689F65 /* CustomWordsViewController.swift */ = {isa = PBXFileReference; fileEncoding = 4; lastKnownFileType = sourcecode.swift; path = CustomWordsViewController.swift; sourceTree = "<group>"; };
		B180D434261DD61700689F65 /* SettingsViewController.swift */ = {isa = PBXFileReference; fileEncoding = 4; lastKnownFileType = sourcecode.swift; path = SettingsViewController.swift; sourceTree = "<group>"; };
		B180D435261DD61700689F65 /* WordsViewController.swift */ = {isa = PBXFileReference; fileEncoding = 4; lastKnownFileType = sourcecode.swift; path = WordsViewController.swift; sourceTree = "<group>"; };
		B180D436261DD61700689F65 /* NumbersViewController.swift */ = {isa = PBXFileReference; fileEncoding = 4; lastKnownFileType = sourcecode.swift; path = NumbersViewController.swift; sourceTree = "<group>"; };
		B180D448261DD62800689F65 /* ChoiceSubCategoryViewController.swift */ = {isa = PBXFileReference; fileEncoding = 4; lastKnownFileType = sourcecode.swift; path = ChoiceSubCategoryViewController.swift; sourceTree = "<group>"; };
		B180D449261DD62800689F65 /* CameraHandler.swift */ = {isa = PBXFileReference; fileEncoding = 4; lastKnownFileType = sourcecode.swift; path = CameraHandler.swift; sourceTree = "<group>"; };
		B180D44A261DD62800689F65 /* DetailViewController.swift */ = {isa = PBXFileReference; fileEncoding = 4; lastKnownFileType = sourcecode.swift; path = DetailViewController.swift; sourceTree = "<group>"; };
		B180D44B261DD62800689F65 /* phrase.plist */ = {isa = PBXFileReference; fileEncoding = 4; lastKnownFileType = text.plist.xml; path = phrase.plist; sourceTree = "<group>"; };
		B180D44C261DD62800689F65 /* AddViewController.swift */ = {isa = PBXFileReference; fileEncoding = 4; lastKnownFileType = sourcecode.swift; path = AddViewController.swift; sourceTree = "<group>"; };
		B180D44D261DD62800689F65 /* ChoiceCategoryViewController.swift */ = {isa = PBXFileReference; fileEncoding = 4; lastKnownFileType = sourcecode.swift; path = ChoiceCategoryViewController.swift; sourceTree = "<group>"; };
		B180D44E261DD62800689F65 /* ContactSelectionViewController.swift */ = {isa = PBXFileReference; fileEncoding = 4; lastKnownFileType = sourcecode.swift; path = ContactSelectionViewController.swift; sourceTree = "<group>"; };
		B180D44F261DD62800689F65 /* AddContactViewController.swift */ = {isa = PBXFileReference; fileEncoding = 4; lastKnownFileType = sourcecode.swift; path = AddContactViewController.swift; sourceTree = "<group>"; };
		B180D45A261DD63D00689F65 /* ContactModel.swift */ = {isa = PBXFileReference; fileEncoding = 4; lastKnownFileType = sourcecode.swift; path = ContactModel.swift; sourceTree = "<group>"; };
		B180D45B261DD63D00689F65 /* SubCategoryModel.swift */ = {isa = PBXFileReference; fileEncoding = 4; lastKnownFileType = sourcecode.swift; path = SubCategoryModel.swift; sourceTree = "<group>"; };
		B180D45C261DD63D00689F65 /* CategoryModel.swift */ = {isa = PBXFileReference; fileEncoding = 4; lastKnownFileType = sourcecode.swift; path = CategoryModel.swift; sourceTree = "<group>"; };
		B180D461261DD64C00689F65 /* LowercaseLetters.swift */ = {isa = PBXFileReference; fileEncoding = 4; lastKnownFileType = sourcecode.swift; path = LowercaseLetters.swift; sourceTree = "<group>"; };
		B180D462261DD64C00689F65 /* DrawingViewController.swift */ = {isa = PBXFileReference; fileEncoding = 4; lastKnownFileType = sourcecode.swift; path = DrawingViewController.swift; sourceTree = "<group>"; };
		B180D463261DD64C00689F65 /* TokenEconomyBoardView.swift */ = {isa = PBXFileReference; fileEncoding = 4; lastKnownFileType = sourcecode.swift; path = TokenEconomyBoardView.swift; sourceTree = "<group>"; };
		B180D464261DD64C00689F65 /* DrawingView.swift */ = {isa = PBXFileReference; fileEncoding = 4; lastKnownFileType = sourcecode.swift; path = DrawingView.swift; sourceTree = "<group>"; };
		B180D465261DD64C00689F65 /* UppercaseLetters.swift */ = {isa = PBXFileReference; fileEncoding = 4; lastKnownFileType = sourcecode.swift; path = UppercaseLetters.swift; sourceTree = "<group>"; };
		B180D466261DD64C00689F65 /* InsetLabel.swift */ = {isa = PBXFileReference; fileEncoding = 4; lastKnownFileType = sourcecode.swift; path = InsetLabel.swift; sourceTree = "<group>"; };
		B180D467261DD64C00689F65 /* Numbers.swift */ = {isa = PBXFileReference; fileEncoding = 4; lastKnownFileType = sourcecode.swift; path = Numbers.swift; sourceTree = "<group>"; };
		B180D468261DD64C00689F65 /* UIBezierPath.swift */ = {isa = PBXFileReference; fileEncoding = 4; lastKnownFileType = sourcecode.swift; path = UIBezierPath.swift; sourceTree = "<group>"; };
		B180D469261DD64C00689F65 /* Shapes.swift */ = {isa = PBXFileReference; fileEncoding = 4; lastKnownFileType = sourcecode.swift; path = Shapes.swift; sourceTree = "<group>"; };
		B180D474261DD65500689F65 /* ExpressionSolvingViewController.swift */ = {isa = PBXFileReference; fileEncoding = 4; lastKnownFileType = sourcecode.swift; path = ExpressionSolvingViewController.swift; sourceTree = "<group>"; };
		B180D475261DD65500689F65 /* MathViewController.swift */ = {isa = PBXFileReference; fileEncoding = 4; lastKnownFileType = sourcecode.swift; path = MathViewController.swift; sourceTree = "<group>"; };
		B180D476261DD65500689F65 /* ArithmeticExpressionView.swift */ = {isa = PBXFileReference; fileEncoding = 4; lastKnownFileType = sourcecode.swift; path = ArithmeticExpressionView.swift; sourceTree = "<group>"; };
		B180D477261DD65600689F65 /* CirclesView.swift */ = {isa = PBXFileReference; fileEncoding = 4; lastKnownFileType = sourcecode.swift; path = CirclesView.swift; sourceTree = "<group>"; };
		B180D478261DD65600689F65 /* ArithmeticExpressionViewController.swift */ = {isa = PBXFileReference; fileEncoding = 4; lastKnownFileType = sourcecode.swift; path = ArithmeticExpressionViewController.swift; sourceTree = "<group>"; };
		B1B5426328072C680056C313 /* NewChoiceVC+Extension.swift */ = {isa = PBXFileReference; lastKnownFileType = sourcecode.swift; path = "NewChoiceVC+Extension.swift"; sourceTree = "<group>"; };
		B1EEE10E2816BF8F0047C6A9 /* JoackyWriteriWatchApp.app */ = {isa = PBXFileReference; explicitFileType = wrapper.application; includeInIndex = 0; path = JoackyWriteriWatchApp.app; sourceTree = BUILT_PRODUCTS_DIR; };
		B1EEE1112816BF8F0047C6A9 /* Base */ = {isa = PBXFileReference; lastKnownFileType = file.storyboard; name = Base; path = Base.lproj/Interface.storyboard; sourceTree = "<group>"; };
		B1EEE1132816BF960047C6A9 /* Assets.xcassets */ = {isa = PBXFileReference; lastKnownFileType = folder.assetcatalog; path = Assets.xcassets; sourceTree = "<group>"; };
		B1EEE1192816BF960047C6A9 /* JoackyWriteriWatchApp WatchKit Extension.appex */ = {isa = PBXFileReference; explicitFileType = "wrapper.app-extension"; includeInIndex = 0; path = "JoackyWriteriWatchApp WatchKit Extension.appex"; sourceTree = BUILT_PRODUCTS_DIR; };
		B1EEE11E2816BF960047C6A9 /* InterfaceController.swift */ = {isa = PBXFileReference; lastKnownFileType = sourcecode.swift; path = InterfaceController.swift; sourceTree = "<group>"; };
		B1EEE1202816BF960047C6A9 /* ExtensionDelegate.swift */ = {isa = PBXFileReference; lastKnownFileType = sourcecode.swift; path = ExtensionDelegate.swift; sourceTree = "<group>"; };
		B1EEE1222816BF960047C6A9 /* NotificationController.swift */ = {isa = PBXFileReference; lastKnownFileType = sourcecode.swift; path = NotificationController.swift; sourceTree = "<group>"; };
		B1EEE1242816BF960047C6A9 /* ComplicationController.swift */ = {isa = PBXFileReference; lastKnownFileType = sourcecode.swift; path = ComplicationController.swift; sourceTree = "<group>"; };
		B1EEE1262816BF970047C6A9 /* Assets.xcassets */ = {isa = PBXFileReference; lastKnownFileType = folder.assetcatalog; path = Assets.xcassets; sourceTree = "<group>"; };
		B1EEE1282816BF970047C6A9 /* Info.plist */ = {isa = PBXFileReference; lastKnownFileType = text.plist.xml; path = Info.plist; sourceTree = "<group>"; };
		B1EEE1292816BF970047C6A9 /* PushNotificationPayload.apns */ = {isa = PBXFileReference; lastKnownFileType = text; path = PushNotificationPayload.apns; sourceTree = "<group>"; };
		BACF459DDF776367750D18B5 /* Pods_JoackyWriter.framework */ = {isa = PBXFileReference; explicitFileType = wrapper.framework; includeInIndex = 0; path = Pods_JoackyWriter.framework; sourceTree = BUILT_PRODUCTS_DIR; };
		FD0966322626275500733D93 /* WriteBoardViewController.swift */ = {isa = PBXFileReference; fileEncoding = 4; lastKnownFileType = sourcecode.swift; path = WriteBoardViewController.swift; sourceTree = "<group>"; };
		FD096636262627B700733D93 /* Base */ = {isa = PBXFileReference; lastKnownFileType = file.storyboard; name = Base; path = Base.lproj/WriteStoryboard.storyboard; sourceTree = "<group>"; };
		FD0A8E762636F47D00CCB586 /* RoundButton.swift */ = {isa = PBXFileReference; fileEncoding = 4; lastKnownFileType = sourcecode.swift; path = RoundButton.swift; sourceTree = "<group>"; };
		FD0A8E812636FD0600CCB586 /* Calculator.swift */ = {isa = PBXFileReference; fileEncoding = 4; lastKnownFileType = sourcecode.swift; path = Calculator.swift; sourceTree = "<group>"; };
		FD0A8E822636FD0600CCB586 /* Double.swift */ = {isa = PBXFileReference; fileEncoding = 4; lastKnownFileType = sourcecode.swift; path = Double.swift; sourceTree = "<group>"; };
		FD0A8E832636FD0600CCB586 /* MathViewController1.swift */ = {isa = PBXFileReference; fileEncoding = 4; lastKnownFileType = sourcecode.swift; path = MathViewController1.swift; sourceTree = "<group>"; };
		FD0BE7DB26F13F750059CAD0 /* iPad_Choice.storyboard */ = {isa = PBXFileReference; fileEncoding = 4; lastKnownFileType = file.storyboard; name = iPad_Choice.storyboard; path = Base.lproj/iPad_Choice.storyboard; sourceTree = "<group>"; };
		FD0BE7DC26F13F750059CAD0 /* iPhone_Choice.storyboard */ = {isa = PBXFileReference; fileEncoding = 4; lastKnownFileType = file.storyboard; name = iPhone_Choice.storyboard; path = Base.lproj/iPhone_Choice.storyboard; sourceTree = "<group>"; };
		FD40088526C65ADC009B6DEC /* JoackyWriter-Bridging-Header.h */ = {isa = PBXFileReference; lastKnownFileType = sourcecode.c.h; path = "JoackyWriter-Bridging-Header.h"; sourceTree = "<group>"; };
		FD40088626C65ADD009B6DEC /* SCAudioManager.h */ = {isa = PBXFileReference; fileEncoding = 4; lastKnownFileType = sourcecode.c.h; path = SCAudioManager.h; sourceTree = "<group>"; };
		FD40088726C65ADD009B6DEC /* SCAudioManager.m */ = {isa = PBXFileReference; fileEncoding = 4; lastKnownFileType = sourcecode.c.objc; path = SCAudioManager.m; sourceTree = "<group>"; };
		FD40088826C65ADD009B6DEC /* DSWaveformImage.h */ = {isa = PBXFileReference; fileEncoding = 4; lastKnownFileType = sourcecode.c.h; path = DSWaveformImage.h; sourceTree = "<group>"; };
		FD40088A26C65B01009B6DEC /* WaveformImageDrawer.swift */ = {isa = PBXFileReference; fileEncoding = 4; lastKnownFileType = sourcecode.swift; path = WaveformImageDrawer.swift; sourceTree = "<group>"; };
		FD40088B26C65B01009B6DEC /* TempiFFT.swift */ = {isa = PBXFileReference; fileEncoding = 4; lastKnownFileType = sourcecode.swift; path = TempiFFT.swift; sourceTree = "<group>"; };
		FD40088C26C65B01009B6DEC /* WaveformImageTypes.swift */ = {isa = PBXFileReference; fileEncoding = 4; lastKnownFileType = sourcecode.swift; path = WaveformImageTypes.swift; sourceTree = "<group>"; };
		FD40088D26C65B01009B6DEC /* WaveformImageView.swift */ = {isa = PBXFileReference; fileEncoding = 4; lastKnownFileType = sourcecode.swift; path = WaveformImageView.swift; sourceTree = "<group>"; };
		FD40088E26C65B02009B6DEC /* WaveformAnalyzer.swift */ = {isa = PBXFileReference; fileEncoding = 4; lastKnownFileType = sourcecode.swift; path = WaveformAnalyzer.swift; sourceTree = "<group>"; };
		FD40088F26C65B02009B6DEC /* WaveformLiveView.swift */ = {isa = PBXFileReference; fileEncoding = 4; lastKnownFileType = sourcecode.swift; path = WaveformLiveView.swift; sourceTree = "<group>"; };
		FD40089626C65B1F009B6DEC /* UIColorInputError.swift */ = {isa = PBXFileReference; fileEncoding = 4; lastKnownFileType = sourcecode.swift; path = UIColorInputError.swift; sourceTree = "<group>"; };
		FD40089726C65B1F009B6DEC /* StringExtension.swift */ = {isa = PBXFileReference; fileEncoding = 4; lastKnownFileType = sourcecode.swift; path = StringExtension.swift; sourceTree = "<group>"; };
		FD40089826C65B1F009B6DEC /* UIColorExtension.swift */ = {isa = PBXFileReference; fileEncoding = 4; lastKnownFileType = sourcecode.swift; path = UIColorExtension.swift; sourceTree = "<group>"; };
		FD40089C26C65B2D009B6DEC /* CustomButton.swift */ = {isa = PBXFileReference; fileEncoding = 4; lastKnownFileType = sourcecode.swift; path = CustomButton.swift; sourceTree = "<group>"; };
		FD40089D26C65B2D009B6DEC /* CameraHandler1.swift */ = {isa = PBXFileReference; fileEncoding = 4; lastKnownFileType = sourcecode.swift; path = CameraHandler1.swift; sourceTree = "<group>"; };
		FD40089E26C65B2D009B6DEC /* GradientButton.swift */ = {isa = PBXFileReference; fileEncoding = 4; lastKnownFileType = sourcecode.swift; path = GradientButton.swift; sourceTree = "<group>"; };
		FD40089F26C65B2D009B6DEC /* GradientView.swift */ = {isa = PBXFileReference; fileEncoding = 4; lastKnownFileType = sourcecode.swift; path = GradientView.swift; sourceTree = "<group>"; };
		FD4008A026C65B2D009B6DEC /* CustomView.swift */ = {isa = PBXFileReference; fileEncoding = 4; lastKnownFileType = sourcecode.swift; path = CustomView.swift; sourceTree = "<group>"; };
		FD4008A126C65B2D009B6DEC /* GradientView1.swift */ = {isa = PBXFileReference; fileEncoding = 4; lastKnownFileType = sourcecode.swift; path = GradientView1.swift; sourceTree = "<group>"; };
		FD4008A226C65B2E009B6DEC /* CustomImageView.swift */ = {isa = PBXFileReference; fileEncoding = 4; lastKnownFileType = sourcecode.swift; path = CustomImageView.swift; sourceTree = "<group>"; };
		FD4008A326C65B2E009B6DEC /* NavigationBarGradientBG.swift */ = {isa = PBXFileReference; fileEncoding = 4; lastKnownFileType = sourcecode.swift; path = NavigationBarGradientBG.swift; sourceTree = "<group>"; };
		FD4008AE26C65C9A009B6DEC /* selectedChoiceWords.swift */ = {isa = PBXFileReference; fileEncoding = 4; lastKnownFileType = sourcecode.swift; path = selectedChoiceWords.swift; sourceTree = "<group>"; };
		FD4008AF26C65C9A009B6DEC /* AddChoiceVC.swift */ = {isa = PBXFileReference; fileEncoding = 4; lastKnownFileType = sourcecode.swift; path = AddChoiceVC.swift; sourceTree = "<group>"; };
		FD4008B026C65C9B009B6DEC /* ChoiceClVwCell.swift */ = {isa = PBXFileReference; fileEncoding = 4; lastKnownFileType = sourcecode.swift; path = ChoiceClVwCell.swift; sourceTree = "<group>"; };
		FD4008B126C65C9B009B6DEC /* SelectedChoiceCell.swift */ = {isa = PBXFileReference; fileEncoding = 4; lastKnownFileType = sourcecode.swift; path = SelectedChoiceCell.swift; sourceTree = "<group>"; };
		FD4008B226C65C9B009B6DEC /* NewChoiceVC.swift */ = {isa = PBXFileReference; fileEncoding = 4; lastKnownFileType = sourcecode.swift; path = NewChoiceVC.swift; sourceTree = "<group>"; };
		FD4008B326C65C9B009B6DEC /* Choices.swift */ = {isa = PBXFileReference; fileEncoding = 4; lastKnownFileType = sourcecode.swift; path = Choices.swift; sourceTree = "<group>"; };
		FD4008B426C65C9B009B6DEC /* DBHelper.swift */ = {isa = PBXFileReference; fileEncoding = 4; lastKnownFileType = sourcecode.swift; path = DBHelper.swift; sourceTree = "<group>"; };
		FD662DCB26772832006A55F7 /* ScanToTextVC.swift */ = {isa = PBXFileReference; fileEncoding = 4; lastKnownFileType = sourcecode.swift; path = ScanToTextVC.swift; sourceTree = "<group>"; };
		FD83BBD426768CAF000FE4DD /* +UIImage.swift */ = {isa = PBXFileReference; fileEncoding = 4; lastKnownFileType = sourcecode.swift; path = "+UIImage.swift"; sourceTree = "<group>"; };
		FD83BBD526768CB0000FE4DD /* ScaledElementProcessor.swift */ = {isa = PBXFileReference; fileEncoding = 4; lastKnownFileType = sourcecode.swift; path = ScaledElementProcessor.swift; sourceTree = "<group>"; };
		FD83BBDC26768F4B000FE4DD /* ObelixPro-cyr.ttf */ = {isa = PBXFileReference; lastKnownFileType = file; path = "ObelixPro-cyr.ttf"; sourceTree = "<group>"; };
		FD83BBDD26768F4C000FE4DD /* ObelixProBIt-cyr.ttf */ = {isa = PBXFileReference; lastKnownFileType = file; path = "ObelixProBIt-cyr.ttf"; sourceTree = "<group>"; };
		FD83BBDE26768F4C000FE4DD /* ObelixProB-cyr.ttf */ = {isa = PBXFileReference; lastKnownFileType = file; path = "ObelixProB-cyr.ttf"; sourceTree = "<group>"; };
		FD83BBDF26768F4C000FE4DD /* ObelixProIt-cyr.ttf */ = {isa = PBXFileReference; lastKnownFileType = file; path = "ObelixProIt-cyr.ttf"; sourceTree = "<group>"; };
		FD86C8E62714D26700397AF3 /* SuggetionVC.swift */ = {isa = PBXFileReference; lastKnownFileType = sourcecode.swift; path = SuggetionVC.swift; sourceTree = "<group>"; };
		FDA34D6326771B3100B40781 /* UIView+.swift */ = {isa = PBXFileReference; fileEncoding = 4; lastKnownFileType = sourcecode.swift; path = "UIView+.swift"; sourceTree = "<group>"; };
		FDA34D6426771B3100B40781 /* CropResult.swift */ = {isa = PBXFileReference; fileEncoding = 4; lastKnownFileType = sourcecode.swift; path = CropResult.swift; sourceTree = "<group>"; };
		FDA34D6526771B3100B40781 /* UIImage+.swift */ = {isa = PBXFileReference; fileEncoding = 4; lastKnownFileType = sourcecode.swift; path = "UIImage+.swift"; sourceTree = "<group>"; };
		FDA34D6626771B3200B40781 /* LineButton.swift */ = {isa = PBXFileReference; fileEncoding = 4; lastKnownFileType = sourcecode.swift; path = LineButton.swift; sourceTree = "<group>"; };
		FDA34D6726771B3300B40781 /* BezierPath+.swift */ = {isa = PBXFileReference; fileEncoding = 4; lastKnownFileType = sourcecode.swift; path = "BezierPath+.swift"; sourceTree = "<group>"; };
		FDA34D6826771B3300B40781 /* CropDimView.swift */ = {isa = PBXFileReference; fileEncoding = 4; lastKnownFileType = sourcecode.swift; path = CropDimView.swift; sourceTree = "<group>"; };
		FDA34D6926771B3400B40781 /* UIImageView+.swift */ = {isa = PBXFileReference; fileEncoding = 4; lastKnownFileType = sourcecode.swift; path = "UIImageView+.swift"; sourceTree = "<group>"; };
		FDA34D6A26771B3500B40781 /* NSLayoutConstraint+.swift */ = {isa = PBXFileReference; fileEncoding = 4; lastKnownFileType = sourcecode.swift; path = "NSLayoutConstraint+.swift"; sourceTree = "<group>"; };
		FDA34D6B26771B3600B40781 /* CropPickerView.swift */ = {isa = PBXFileReference; fileEncoding = 4; lastKnownFileType = sourcecode.swift; path = CropPickerView.swift; sourceTree = "<group>"; };
		FDA34D6C26771B3600B40781 /* CropView.swift */ = {isa = PBXFileReference; fileEncoding = 4; lastKnownFileType = sourcecode.swift; path = CropView.swift; sourceTree = "<group>"; };
		FDA92C2E26F65DDF008EBC15 /* GoogleService-Info.plist */ = {isa = PBXFileReference; fileEncoding = 4; lastKnownFileType = text.plist.xml; path = "GoogleService-Info.plist"; sourceTree = "<group>"; };
		FDAB47F6267AA7DD0000DF39 /* primer print bold.otf */ = {isa = PBXFileReference; lastKnownFileType = file; path = "primer print bold.otf"; sourceTree = "<group>"; };
		FDAB47F8267AAA5F0000DF39 /* ComicSansMSBold.ttf */ = {isa = PBXFileReference; lastKnownFileType = file; path = ComicSansMSBold.ttf; sourceTree = "<group>"; };
		FDAB47FA267AABA70000DF39 /* ComicSansMSRegular.ttf */ = {isa = PBXFileReference; lastKnownFileType = file; path = ComicSansMSRegular.ttf; sourceTree = "<group>"; };
		FDB5C1A72620E78100F0DCFC /* PhraseViewController.swift */ = {isa = PBXFileReference; fileEncoding = 4; lastKnownFileType = sourcecode.swift; path = PhraseViewController.swift; sourceTree = "<group>"; };
		FDB5C1AA2620E7CE00F0DCFC /* Toast.swift */ = {isa = PBXFileReference; fileEncoding = 4; lastKnownFileType = sourcecode.swift; path = Toast.swift; sourceTree = "<group>"; };
		FDB5C21D2620F86B00F0DCFC /* Info.plist */ = {isa = PBXFileReference; fileEncoding = 4; lastKnownFileType = text.plist.xml; path = Info.plist; sourceTree = "<group>"; };
		FDCFE9AF2676BDD5009C920D /* GetTextFromScanViewController.swift */ = {isa = PBXFileReference; lastKnownFileType = sourcecode.swift; path = GetTextFromScanViewController.swift; sourceTree = "<group>"; };
/* End PBXFileReference section */

/* Begin PBXFrameworksBuildPhase section */
		B170E270261DC4950088EADE /* Frameworks */ = {
			isa = PBXFrameworksBuildPhase;
			buildActionMask = 2147483647;
			files = (
				1168AE89F61810D30F639F68 /* Pods_JoackyWriter.framework in Frameworks */,
			);
			runOnlyForDeploymentPostprocessing = 0;
		};
		B1EEE1162816BF960047C6A9 /* Frameworks */ = {
			isa = PBXFrameworksBuildPhase;
			buildActionMask = 2147483647;
			files = (
			);
			runOnlyForDeploymentPostprocessing = 0;
		};
		F2F52EEB583F81EC42FE99CE /* Frameworks */ = {
			isa = PBXFrameworksBuildPhase;
			buildActionMask = 2147483647;
			files = (
			);
			runOnlyForDeploymentPostprocessing = 0;
		};
/* End PBXFrameworksBuildPhase section */

/* Begin PBXGroup section */
		26EB27CD9726F06D4C29C2C7 /* Pods */ = {
			isa = PBXGroup;
			children = (
				135428BC1380ACB19DB6FCC8 /* Pods-JoackyWriter.debug.xcconfig */,
				AD2E68EFFDBFBA8B6138D0E0 /* Pods-JoackyWriter.release.xcconfig */,
			);
			path = Pods;
			sourceTree = "<group>";
		};
		B170E26A261DC4950088EADE = {
			isa = PBXGroup;
			children = (
				B170E275261DC4950088EADE /* JoackyWriter */,
				B1EEE10F2816BF8F0047C6A9 /* JoackyWriteriWatchApp */,
				B1EEE11D2816BF960047C6A9 /* JoackyWriteriWatchApp WatchKit Extension */,
				B170E274261DC4950088EADE /* Products */,
				26EB27CD9726F06D4C29C2C7 /* Pods */,
				DC495E7BAA22784FA1794208 /* Frameworks */,
			);
			sourceTree = "<group>";
		};
		B170E274261DC4950088EADE /* Products */ = {
			isa = PBXGroup;
			children = (
				B170E273261DC4950088EADE /* JoackyWriter.app */,
				B1EEE10E2816BF8F0047C6A9 /* JoackyWriteriWatchApp.app */,
				B1EEE1192816BF960047C6A9 /* JoackyWriteriWatchApp WatchKit Extension.appex */,
			);
			name = Products;
			sourceTree = "<group>";
		};
		B170E275261DC4950088EADE /* JoackyWriter */ = {
			isa = PBXGroup;
			children = (
				FD096635262627B700733D93 /* WriteStoryboard.storyboard */,
				B180D3F3261DD49500689F65 /* Main.storyboard */,
				FD0BE7DB26F13F750059CAD0 /* iPad_Choice.storyboard */,
				FD0BE7DC26F13F750059CAD0 /* iPhone_Choice.storyboard */,
				B180D41D261DD5CF00689F65 /* UI */,
				B180D40F261DD5A200689F65 /* Core */,
				B180D3F8261DD54B00689F65 /* Resource */,
				B170E27F261DC4970088EADE /* Assets.xcassets */,
				B170E281261DC4970088EADE /* LaunchScreen.storyboard */,
				FDB5C21D2620F86B00F0DCFC /* Info.plist */,
			);
			path = JoackyWriter;
			sourceTree = "<group>";
		};
		B180D3F8261DD54B00689F65 /* Resource */ = {
			isa = PBXGroup;
			children = (
				FDA92C2E26F65DDF008EBC15 /* GoogleService-Info.plist */,
				FD40088426C65A9D009B6DEC /* CustomViewClasses */,
				FD40088326C65A93009B6DEC /* HEXColor */,
				FD40088226C65A88009B6DEC /* DSWaveformImage */,
				FDA34D6226771B1E00B40781 /* CropPickerView */,
				FD83BBDC26768F4B000FE4DD /* ObelixPro-cyr.ttf */,
				FDAB47F8267AAA5F0000DF39 /* ComicSansMSBold.ttf */,
				FDAB47FA267AABA70000DF39 /* ComicSansMSRegular.ttf */,
				FD83BBDE26768F4C000FE4DD /* ObelixProB-cyr.ttf */,
				FD83BBDD26768F4C000FE4DD /* ObelixProBIt-cyr.ttf */,
				FDAB47F6267AA7DD0000DF39 /* primer print bold.otf */,
				FD83BBDF26768F4C000FE4DD /* ObelixProIt-cyr.ttf */,
				FD0A8E762636F47D00CCB586 /* RoundButton.swift */,
				B180D404261DD56B00689F65 /* Sounds */,
				B180D3FD261DD56300689F65 /* Angelique-Rose-font-FFP.ttf */,
				B180D3FA261DD56300689F65 /* BADABB__.TTF */,
				B180D3F9261DD56300689F65 /* primer print.ttf */,
				B180D3FC261DD56300689F65 /* RockoFLF.ttf */,
			);
			path = Resource;
			sourceTree = "<group>";
		};
		B180D404261DD56B00689F65 /* Sounds */ = {
			isa = PBXGroup;
			children = (
				B180D406261DD57900689F65 /* background.mp3 */,
				B180D407261DD57900689F65 /* correct_tracing.wav */,
				B180D405261DD57900689F65 /* success.wav */,
				B180D408261DD57900689F65 /* trace.wav */,
			);
			path = Sounds;
			sourceTree = "<group>";
		};
		B180D40F261DD5A200689F65 /* Core */ = {
			isa = PBXGroup;
			children = (
				B180D410261DD5AB00689F65 /* Account.swift */,
				B180D411261DD5AB00689F65 /* AppDelegate.swift */,
				B180D414261DD5AB00689F65 /* Label.swift */,
				B180D415261DD5AB00689F65 /* Sounds.swift */,
				B180D412261DD5AB00689F65 /* String.swift */,
				B180D413261DD5AB00689F65 /* Utils.swift */,
			);
			path = Core;
			sourceTree = "<group>";
		};
		B180D41D261DD5CF00689F65 /* UI */ = {
			isa = PBXGroup;
			children = (
				FD40088126C65A5D009B6DEC /* NewChoice */,
				B180D427261DD5F500689F65 /* Math */,
				B180D426261DD5EE00689F65 /* Drawing */,
				B180D425261DD5E900689F65 /* Menu */,
				B180D41F261DD5D900689F65 /* CALayer.swift */,
				B180D420261DD5D900689F65 /* UIColor.swift */,
				B180D41E261DD5D900689F65 /* UIImage.swift */,
			);
			path = UI;
			sourceTree = "<group>";
		};
		B180D425261DD5E900689F65 /* Menu */ = {
			isa = PBXGroup;
			children = (
				FDCFE9AE2676BB38009C920D /* WriteBoard */,
				FDE8E7F0267677B1006EDFD4 /* ScanToText */,
				FD0A8E812636FD0600CCB586 /* Calculator.swift */,
				FD0A8E822636FD0600CCB586 /* Double.swift */,
				FD0A8E832636FD0600CCB586 /* MathViewController1.swift */,
				FDB5C1AA2620E7CE00F0DCFC /* Toast.swift */,
				B180D447261DD61E00689F65 /* Choice */,
				B180D42F261DD61700689F65 /* CardCell.swift */,
				B180D429261DD61700689F65 /* ChildInfoCell.swift */,
				B180D432261DD61700689F65 /* CustomRewardViewController.swift */,
				B180D433261DD61700689F65 /* CustomWordsViewController.swift */,
				B180D431261DD61700689F65 /* DrawItemCell.swift */,
				B180D428261DD61700689F65 /* HomeViewController.swift */,
				B180D430261DD61700689F65 /* LettersViewController.swift */,
				B180D436261DD61700689F65 /* NumbersViewController.swift */,
				B180D42B261DD61700689F65 /* PuzzleCell.swift */,
				B180D42A261DD61700689F65 /* RewardsViewController.swift */,
				B180D42E261DD61700689F65 /* SentenceCell.swift */,
				B180D42C261DD61700689F65 /* SentencesViewController.swift */,
				B180D434261DD61700689F65 /* SettingsViewController.swift */,
				B180D42D261DD61700689F65 /* SpeechViewController.swift */,
				B180D435261DD61700689F65 /* WordsViewController.swift */,
			);
			path = Menu;
			sourceTree = "<group>";
		};
		B180D426261DD5EE00689F65 /* Drawing */ = {
			isa = PBXGroup;
			children = (
				B180D464261DD64C00689F65 /* DrawingView.swift */,
				B180D462261DD64C00689F65 /* DrawingViewController.swift */,
				B180D466261DD64C00689F65 /* InsetLabel.swift */,
				B180D461261DD64C00689F65 /* LowercaseLetters.swift */,
				B180D467261DD64C00689F65 /* Numbers.swift */,
				B180D469261DD64C00689F65 /* Shapes.swift */,
				B180D463261DD64C00689F65 /* TokenEconomyBoardView.swift */,
				B180D468261DD64C00689F65 /* UIBezierPath.swift */,
				B180D465261DD64C00689F65 /* UppercaseLetters.swift */,
			);
			path = Drawing;
			sourceTree = "<group>";
		};
		B180D427261DD5F500689F65 /* Math */ = {
			isa = PBXGroup;
			children = (
				B180D476261DD65500689F65 /* ArithmeticExpressionView.swift */,
				B180D478261DD65600689F65 /* ArithmeticExpressionViewController.swift */,
				B180D477261DD65600689F65 /* CirclesView.swift */,
				B180D474261DD65500689F65 /* ExpressionSolvingViewController.swift */,
				B180D475261DD65500689F65 /* MathViewController.swift */,
			);
			path = Math;
			sourceTree = "<group>";
		};
		B180D447261DD61E00689F65 /* Choice */ = {
			isa = PBXGroup;
			children = (
				B180D459261DD63000689F65 /* Model */,
				B180D44F261DD62800689F65 /* AddContactViewController.swift */,
				B180D44C261DD62800689F65 /* AddViewController.swift */,
				B180D449261DD62800689F65 /* CameraHandler.swift */,
				B180D44D261DD62800689F65 /* ChoiceCategoryViewController.swift */,
				B180D448261DD62800689F65 /* ChoiceSubCategoryViewController.swift */,
				B180D44E261DD62800689F65 /* ContactSelectionViewController.swift */,
				FDB5C1A72620E78100F0DCFC /* PhraseViewController.swift */,
				B180D44A261DD62800689F65 /* DetailViewController.swift */,
				B180D44B261DD62800689F65 /* phrase.plist */,
			);
			path = Choice;
			sourceTree = "<group>";
		};
		B180D459261DD63000689F65 /* Model */ = {
			isa = PBXGroup;
			children = (
				B180D45C261DD63D00689F65 /* CategoryModel.swift */,
				B180D45A261DD63D00689F65 /* ContactModel.swift */,
				B180D45B261DD63D00689F65 /* SubCategoryModel.swift */,
			);
			path = Model;
			sourceTree = "<group>";
		};
		B1EEE10F2816BF8F0047C6A9 /* JoackyWriteriWatchApp */ = {
			isa = PBXGroup;
			children = (
				B1EEE1102816BF8F0047C6A9 /* Interface.storyboard */,
				B1EEE1132816BF960047C6A9 /* Assets.xcassets */,
			);
			path = JoackyWriteriWatchApp;
			sourceTree = "<group>";
		};
		B1EEE11D2816BF960047C6A9 /* JoackyWriteriWatchApp WatchKit Extension */ = {
			isa = PBXGroup;
			children = (
				B1EEE11E2816BF960047C6A9 /* InterfaceController.swift */,
				B1EEE1202816BF960047C6A9 /* ExtensionDelegate.swift */,
				B1EEE1222816BF960047C6A9 /* NotificationController.swift */,
				B1EEE1242816BF960047C6A9 /* ComplicationController.swift */,
				B1EEE1262816BF970047C6A9 /* Assets.xcassets */,
				B1EEE1282816BF970047C6A9 /* Info.plist */,
				B1EEE1292816BF970047C6A9 /* PushNotificationPayload.apns */,
			);
			path = "JoackyWriteriWatchApp WatchKit Extension";
			sourceTree = "<group>";
		};
		DC495E7BAA22784FA1794208 /* Frameworks */ = {
			isa = PBXGroup;
			children = (
				BACF459DDF776367750D18B5 /* Pods_JoackyWriter.framework */,
			);
			name = Frameworks;
			sourceTree = "<group>";
		};
		FD40088126C65A5D009B6DEC /* NewChoice */ = {
			isa = PBXGroup;
			children = (
				FD4008AF26C65C9A009B6DEC /* AddChoiceVC.swift */,
				FD4008B026C65C9B009B6DEC /* ChoiceClVwCell.swift */,
				FD4008B326C65C9B009B6DEC /* Choices.swift */,
				FD4008B426C65C9B009B6DEC /* DBHelper.swift */,
				FD4008B226C65C9B009B6DEC /* NewChoiceVC.swift */,
				FD4008B126C65C9B009B6DEC /* SelectedChoiceCell.swift */,
				FD4008AE26C65C9A009B6DEC /* selectedChoiceWords.swift */,
				FD86C8E62714D26700397AF3 /* SuggetionVC.swift */,
				B1B5426328072C680056C313 /* NewChoiceVC+Extension.swift */,
			);
			path = NewChoice;
			sourceTree = "<group>";
		};
		FD40088226C65A88009B6DEC /* DSWaveformImage */ = {
			isa = PBXGroup;
			children = (
				FD40088B26C65B01009B6DEC /* TempiFFT.swift */,
				FD40088E26C65B02009B6DEC /* WaveformAnalyzer.swift */,
				FD40088A26C65B01009B6DEC /* WaveformImageDrawer.swift */,
				FD40088C26C65B01009B6DEC /* WaveformImageTypes.swift */,
				FD40088D26C65B01009B6DEC /* WaveformImageView.swift */,
				FD40088F26C65B02009B6DEC /* WaveformLiveView.swift */,
				FD40088826C65ADD009B6DEC /* DSWaveformImage.h */,
				FD40088626C65ADD009B6DEC /* SCAudioManager.h */,
				FD40088726C65ADD009B6DEC /* SCAudioManager.m */,
				FD40088526C65ADC009B6DEC /* JoackyWriter-Bridging-Header.h */,
			);
			path = DSWaveformImage;
			sourceTree = "<group>";
		};
		FD40088326C65A93009B6DEC /* HEXColor */ = {
			isa = PBXGroup;
			children = (
				FD40089726C65B1F009B6DEC /* StringExtension.swift */,
				FD40089826C65B1F009B6DEC /* UIColorExtension.swift */,
				FD40089626C65B1F009B6DEC /* UIColorInputError.swift */,
			);
			path = HEXColor;
			sourceTree = "<group>";
		};
		FD40088426C65A9D009B6DEC /* CustomViewClasses */ = {
			isa = PBXGroup;
			children = (
				FD40089D26C65B2D009B6DEC /* CameraHandler1.swift */,
				FD40089C26C65B2D009B6DEC /* CustomButton.swift */,
				FD4008A226C65B2E009B6DEC /* CustomImageView.swift */,
				FD4008A026C65B2D009B6DEC /* CustomView.swift */,
				FD40089E26C65B2D009B6DEC /* GradientButton.swift */,
				FD40089F26C65B2D009B6DEC /* GradientView.swift */,
				FD4008A126C65B2D009B6DEC /* GradientView1.swift */,
				FD4008A326C65B2E009B6DEC /* NavigationBarGradientBG.swift */,
			);
			path = CustomViewClasses;
			sourceTree = "<group>";
		};
		FDA34D6226771B1E00B40781 /* CropPickerView */ = {
			isa = PBXGroup;
			children = (
				FDA34D6726771B3300B40781 /* BezierPath+.swift */,
				FDA34D6826771B3300B40781 /* CropDimView.swift */,
				FDA34D6B26771B3600B40781 /* CropPickerView.swift */,
				FDA34D6426771B3100B40781 /* CropResult.swift */,
				FDA34D6C26771B3600B40781 /* CropView.swift */,
				FDA34D6626771B3200B40781 /* LineButton.swift */,
				FDA34D6A26771B3500B40781 /* NSLayoutConstraint+.swift */,
				FDA34D6526771B3100B40781 /* UIImage+.swift */,
				FDA34D6926771B3400B40781 /* UIImageView+.swift */,
				FDA34D6326771B3100B40781 /* UIView+.swift */,
			);
			path = CropPickerView;
			sourceTree = "<group>";
		};
		FDCFE9AE2676BB38009C920D /* WriteBoard */ = {
			isa = PBXGroup;
			children = (
				B170E29D261DC5630088EADE /* RecognizedInk.swift */,
				B170E29E261DC5630088EADE /* StrokeManager.swift */,
				FD0966322626275500733D93 /* WriteBoardViewController.swift */,
			);
			path = WriteBoard;
			sourceTree = "<group>";
		};
		FDE8E7F0267677B1006EDFD4 /* ScanToText */ = {
			isa = PBXGroup;
			children = (
				FD662DCB26772832006A55F7 /* ScanToTextVC.swift */,
				FD83BBD426768CAF000FE4DD /* +UIImage.swift */,
				FD83BBD526768CB0000FE4DD /* ScaledElementProcessor.swift */,
				FDCFE9AF2676BDD5009C920D /* GetTextFromScanViewController.swift */,
			);
			path = ScanToText;
			sourceTree = "<group>";
		};
/* End PBXGroup section */

/* Begin PBXNativeTarget section */
		B170E272261DC4950088EADE /* JoackyWriter */ = {
			isa = PBXNativeTarget;
			buildConfigurationList = B170E287261DC4970088EADE /* Build configuration list for PBXNativeTarget "JoackyWriter" */;
			buildPhases = (
				E30FA9B35BCAB3AEDA3D7E8B /* [CP] Check Pods Manifest.lock */,
				B170E26F261DC4950088EADE /* Sources */,
				B170E270261DC4950088EADE /* Frameworks */,
				B170E271261DC4950088EADE /* Resources */,
				FDA92C2D26F6592F008EBC15 /* ShellScript */,
				B1EEE12D2816BF970047C6A9 /* Embed Watch Content */,
				1ED3EF6BC6825EF9678D73A5 /* [CP] Embed Pods Frameworks */,
				F25739BEA5E76FF42C8366B8 /* [CP] Copy Pods Resources */,
			);
			buildRules = (
			);
			dependencies = (
				B1EEE12B2816BF970047C6A9 /* PBXTargetDependency */,
			);
			name = JoackyWriter;
			productName = DemoWriteApp;
			productReference = B170E273261DC4950088EADE /* JoackyWriter.app */;
			productType = "com.apple.product-type.application";
		};
		B1EEE10D2816BF8F0047C6A9 /* JoackyWriteriWatchApp */ = {
			isa = PBXNativeTarget;
			buildConfigurationList = B1EEE1342816BF970047C6A9 /* Build configuration list for PBXNativeTarget "JoackyWriteriWatchApp" */;
			buildPhases = (
				B1EEE10C2816BF8F0047C6A9 /* Resources */,
				B1EEE1302816BF970047C6A9 /* Embed App Extensions */,
				F2F52EEB583F81EC42FE99CE /* Frameworks */,
			);
			buildRules = (
			);
			dependencies = (
				B1EEE11C2816BF960047C6A9 /* PBXTargetDependency */,
			);
			name = JoackyWriteriWatchApp;
			productName = JoackyWriteriWatchApp;
			productReference = B1EEE10E2816BF8F0047C6A9 /* JoackyWriteriWatchApp.app */;
			productType = "com.apple.product-type.application.watchapp2";
		};
		B1EEE1182816BF960047C6A9 /* JoackyWriteriWatchApp WatchKit Extension */ = {
			isa = PBXNativeTarget;
			buildConfigurationList = B1EEE1332816BF970047C6A9 /* Build configuration list for PBXNativeTarget "JoackyWriteriWatchApp WatchKit Extension" */;
			buildPhases = (
				B1EEE1152816BF960047C6A9 /* Sources */,
				B1EEE1162816BF960047C6A9 /* Frameworks */,
				B1EEE1172816BF960047C6A9 /* Resources */,
			);
			buildRules = (
			);
			dependencies = (
			);
			name = "JoackyWriteriWatchApp WatchKit Extension";
			productName = "JoackyWriteriWatchApp WatchKit Extension";
			productReference = B1EEE1192816BF960047C6A9 /* JoackyWriteriWatchApp WatchKit Extension.appex */;
			productType = "com.apple.product-type.watchkit2-extension";
		};
/* End PBXNativeTarget section */

/* Begin PBXProject section */
		B170E26B261DC4950088EADE /* Project object */ = {
			isa = PBXProject;
			attributes = {
				LastSwiftUpdateCheck = 1300;
				LastUpgradeCheck = 1210;
				TargetAttributes = {
					B170E272261DC4950088EADE = {
						CreatedOnToolsVersion = 12.1;
						LastSwiftMigration = 1250;
					};
					B1EEE10D2816BF8F0047C6A9 = {
						CreatedOnToolsVersion = 13.0;
					};
					B1EEE1182816BF960047C6A9 = {
						CreatedOnToolsVersion = 13.0;
					};
				};
			};
			buildConfigurationList = B170E26E261DC4950088EADE /* Build configuration list for PBXProject "JoackyWriter" */;
			compatibilityVersion = "Xcode 9.3";
			developmentRegion = en;
			hasScannedForEncodings = 0;
			knownRegions = (
				en,
				Base,
			);
			mainGroup = B170E26A261DC4950088EADE;
			productRefGroup = B170E274261DC4950088EADE /* Products */;
			projectDirPath = "";
			projectRoot = "";
			targets = (
				B170E272261DC4950088EADE /* JoackyWriter */,
				B1EEE10D2816BF8F0047C6A9 /* JoackyWriteriWatchApp */,
				B1EEE1182816BF960047C6A9 /* JoackyWriteriWatchApp WatchKit Extension */,
			);
		};
/* End PBXProject section */

/* Begin PBXResourcesBuildPhase section */
		B170E271261DC4950088EADE /* Resources */ = {
			isa = PBXResourcesBuildPhase;
			buildActionMask = 2147483647;
			files = (
				FDAB47FB267AABA70000DF39 /* ComicSansMSRegular.ttf in Resources */,
				B180D453261DD62800689F65 /* phrase.plist in Resources */,
				B180D3FE261DD56300689F65 /* primer print.ttf in Resources */,
				B180D3FF261DD56300689F65 /* BADABB__.TTF in Resources */,
				B170E283261DC4970088EADE /* LaunchScreen.storyboard in Resources */,
				FD83BBE226768F4C000FE4DD /* ObelixProB-cyr.ttf in Resources */,
				B180D40B261DD57900689F65 /* correct_tracing.wav in Resources */,
				FD0BE7DD26F13F750059CAD0 /* iPad_Choice.storyboard in Resources */,
				FD83BBE326768F4C000FE4DD /* ObelixProIt-cyr.ttf in Resources */,
				B180D409261DD57900689F65 /* success.wav in Resources */,
				FDAB47F9267AAA5F0000DF39 /* ComicSansMSBold.ttf in Resources */,
				FD096637262627B700733D93 /* WriteStoryboard.storyboard in Resources */,
				FDAB47F7267AA7DD0000DF39 /* primer print bold.otf in Resources */,
				B170E280261DC4970088EADE /* Assets.xcassets in Resources */,
				FD0BE7DE26F13F750059CAD0 /* iPhone_Choice.storyboard in Resources */,
				B180D40A261DD57900689F65 /* background.mp3 in Resources */,
				FD83BBE026768F4C000FE4DD /* ObelixPro-cyr.ttf in Resources */,
				B180D40C261DD57900689F65 /* trace.wav in Resources */,
				B180D402261DD56300689F65 /* Angelique-Rose-font-FFP.ttf in Resources */,
				B180D401261DD56300689F65 /* RockoFLF.ttf in Resources */,
				FD83BBE126768F4C000FE4DD /* ObelixProBIt-cyr.ttf in Resources */,
				B180D3F4261DD49500689F65 /* Main.storyboard in Resources */,
				FDA92C2F26F65DDF008EBC15 /* GoogleService-Info.plist in Resources */,
			);
			runOnlyForDeploymentPostprocessing = 0;
		};
		B1EEE10C2816BF8F0047C6A9 /* Resources */ = {
			isa = PBXResourcesBuildPhase;
			buildActionMask = 2147483647;
			files = (
				B1EEE1142816BF960047C6A9 /* Assets.xcassets in Resources */,
				B1EEE1122816BF8F0047C6A9 /* Interface.storyboard in Resources */,
			);
			runOnlyForDeploymentPostprocessing = 0;
		};
		B1EEE1172816BF960047C6A9 /* Resources */ = {
			isa = PBXResourcesBuildPhase;
			buildActionMask = 2147483647;
			files = (
				B1EEE1272816BF970047C6A9 /* Assets.xcassets in Resources */,
			);
			runOnlyForDeploymentPostprocessing = 0;
		};
/* End PBXResourcesBuildPhase section */

/* Begin PBXShellScriptBuildPhase section */
		1ED3EF6BC6825EF9678D73A5 /* [CP] Embed Pods Frameworks */ = {
			isa = PBXShellScriptBuildPhase;
			buildActionMask = 2147483647;
			files = (
			);
			inputFileListPaths = (
				"${PODS_ROOT}/Target Support Files/Pods-JoackyWriter/Pods-JoackyWriter-frameworks-${CONFIGURATION}-input-files.xcfilelist",
			);
			name = "[CP] Embed Pods Frameworks";
			outputFileListPaths = (
				"${PODS_ROOT}/Target Support Files/Pods-JoackyWriter/Pods-JoackyWriter-frameworks-${CONFIGURATION}-output-files.xcfilelist",
			);
			runOnlyForDeploymentPostprocessing = 0;
			shellPath = /bin/sh;
			shellScript = "\"${PODS_ROOT}/Target Support Files/Pods-JoackyWriter/Pods-JoackyWriter-frameworks.sh\"\n";
			showEnvVarsInLog = 0;
		};
		E30FA9B35BCAB3AEDA3D7E8B /* [CP] Check Pods Manifest.lock */ = {
			isa = PBXShellScriptBuildPhase;
			buildActionMask = 2147483647;
			files = (
			);
			inputFileListPaths = (
			);
			inputPaths = (
				"${PODS_PODFILE_DIR_PATH}/Podfile.lock",
				"${PODS_ROOT}/Manifest.lock",
			);
			name = "[CP] Check Pods Manifest.lock";
			outputFileListPaths = (
			);
			outputPaths = (
				"$(DERIVED_FILE_DIR)/Pods-JoackyWriter-checkManifestLockResult.txt",
			);
			runOnlyForDeploymentPostprocessing = 0;
			shellPath = /bin/sh;
			shellScript = "diff \"${PODS_PODFILE_DIR_PATH}/Podfile.lock\" \"${PODS_ROOT}/Manifest.lock\" > /dev/null\nif [ $? != 0 ] ; then\n    # print error to STDERR\n    echo \"error: The sandbox is not in sync with the Podfile.lock. Run 'pod install' or update your CocoaPods installation.\" >&2\n    exit 1\nfi\n# This output is used by Xcode 'outputs' to avoid re-running this script phase.\necho \"SUCCESS\" > \"${SCRIPT_OUTPUT_FILE_0}\"\n";
			showEnvVarsInLog = 0;
		};
		F25739BEA5E76FF42C8366B8 /* [CP] Copy Pods Resources */ = {
			isa = PBXShellScriptBuildPhase;
			buildActionMask = 2147483647;
			files = (
			);
			inputFileListPaths = (
				"${PODS_ROOT}/Target Support Files/Pods-JoackyWriter/Pods-JoackyWriter-resources-${CONFIGURATION}-input-files.xcfilelist",
			);
			name = "[CP] Copy Pods Resources";
			outputFileListPaths = (
				"${PODS_ROOT}/Target Support Files/Pods-JoackyWriter/Pods-JoackyWriter-resources-${CONFIGURATION}-output-files.xcfilelist",
			);
			runOnlyForDeploymentPostprocessing = 0;
			shellPath = /bin/sh;
			shellScript = "\"${PODS_ROOT}/Target Support Files/Pods-JoackyWriter/Pods-JoackyWriter-resources.sh\"\n";
			showEnvVarsInLog = 0;
		};
		FDA92C2D26F6592F008EBC15 /* ShellScript */ = {
			isa = PBXShellScriptBuildPhase;
			buildActionMask = 2147483647;
			files = (
			);
			inputFileListPaths = (
			);
			inputPaths = (
				"${DWARF_DSYM_FOLDER_PATH}/${DWARF_DSYM_FILE_NAME}/Contents/Resources/DWARF/${TARGET_NAME}",
				"$(SRCROOT)/$(BUILT_PRODUCTS_DIR)/$(INFOPLIST_PATH)",
			);
			outputFileListPaths = (
			);
			outputPaths = (
			);
			runOnlyForDeploymentPostprocessing = 0;
			shellPath = /bin/sh;
			shellScript = "\"${PODS_ROOT}/FirebaseCrashlytics/run\"\n";
		};
/* End PBXShellScriptBuildPhase section */

/* Begin PBXSourcesBuildPhase section */
		B170E26F261DC4950088EADE /* Sources */ = {
			isa = PBXSourcesBuildPhase;
			buildActionMask = 2147483647;
			files = (
				FD0A8E772636F47D00CCB586 /* RoundButton.swift in Sources */,
				B180D439261DD61700689F65 /* RewardsViewController.swift in Sources */,
				B180D438261DD61700689F65 /* ChildInfoCell.swift in Sources */,
				FD0A8E842636FD0600CCB586 /* Calculator.swift in Sources */,
				FD4008B626C65C9B009B6DEC /* AddChoiceVC.swift in Sources */,
				B180D45E261DD63D00689F65 /* SubCategoryModel.swift in Sources */,
				B180D471261DD64C00689F65 /* UIBezierPath.swift in Sources */,
				B180D450261DD62800689F65 /* ChoiceSubCategoryViewController.swift in Sources */,
				FD4008A826C65B2E009B6DEC /* CustomView.swift in Sources */,
				FDA34D7026771B3600B40781 /* LineButton.swift in Sources */,
				B180D418261DD5AB00689F65 /* String.swift in Sources */,
				B180D43B261DD61700689F65 /* SentencesViewController.swift in Sources */,
				FDA34D7226771B3600B40781 /* CropDimView.swift in Sources */,
				FDA34D7426771B3600B40781 /* NSLayoutConstraint+.swift in Sources */,
				FD4008AB26C65B2E009B6DEC /* NavigationBarGradientBG.swift in Sources */,
				B180D444261DD61700689F65 /* WordsViewController.swift in Sources */,
				FD4008B526C65C9B009B6DEC /* selectedChoiceWords.swift in Sources */,
				B180D43C261DD61700689F65 /* SpeechViewController.swift in Sources */,
				B180D423261DD5D900689F65 /* UIColor.swift in Sources */,
				B180D421261DD5D900689F65 /* UIImage.swift in Sources */,
				B180D43A261DD61700689F65 /* PuzzleCell.swift in Sources */,
				B1B5426428072C680056C313 /* NewChoiceVC+Extension.swift in Sources */,
				FDCFE9B02676BDD5009C920D /* GetTextFromScanViewController.swift in Sources */,
				FD4008B726C65C9B009B6DEC /* ChoiceClVwCell.swift in Sources */,
				FD4008A426C65B2E009B6DEC /* CustomButton.swift in Sources */,
				B180D445261DD61700689F65 /* NumbersViewController.swift in Sources */,
				FDA34D6D26771B3600B40781 /* UIView+.swift in Sources */,
				B180D443261DD61700689F65 /* SettingsViewController.swift in Sources */,
				FD4008A726C65B2E009B6DEC /* GradientView.swift in Sources */,
				FDA34D7126771B3600B40781 /* BezierPath+.swift in Sources */,
				B170E2A0261DC5630088EADE /* StrokeManager.swift in Sources */,
				FD40089326C65B02009B6DEC /* WaveformImageView.swift in Sources */,
				B180D416261DD5AB00689F65 /* Account.swift in Sources */,
				B180D440261DD61700689F65 /* DrawItemCell.swift in Sources */,
				FD4008B826C65C9B009B6DEC /* SelectedChoiceCell.swift in Sources */,
				FDA34D6F26771B3600B40781 /* UIImage+.swift in Sources */,
				FDB5C1AB2620E7CE00F0DCFC /* Toast.swift in Sources */,
				B180D479261DD65600689F65 /* ExpressionSolvingViewController.swift in Sources */,
				B180D46D261DD64C00689F65 /* DrawingView.swift in Sources */,
				B180D419261DD5AB00689F65 /* Utils.swift in Sources */,
				FD662DCC26772833006A55F7 /* ScanToTextVC.swift in Sources */,
				B180D47C261DD65600689F65 /* CirclesView.swift in Sources */,
				FD40089226C65B02009B6DEC /* WaveformImageTypes.swift in Sources */,
				B180D441261DD61700689F65 /* CustomRewardViewController.swift in Sources */,
				B180D45D261DD63D00689F65 /* ContactModel.swift in Sources */,
				B180D46C261DD64C00689F65 /* TokenEconomyBoardView.swift in Sources */,
				B180D454261DD62800689F65 /* AddViewController.swift in Sources */,
				B180D417261DD5AB00689F65 /* AppDelegate.swift in Sources */,
				FD86C8E72714D26700397AF3 /* SuggetionVC.swift in Sources */,
				FD4008A526C65B2E009B6DEC /* CameraHandler1.swift in Sources */,
				B180D46B261DD64C00689F65 /* DrawingViewController.swift in Sources */,
				B180D46F261DD64C00689F65 /* InsetLabel.swift in Sources */,
				FD4008A926C65B2E009B6DEC /* GradientView1.swift in Sources */,
				FD40089B26C65B1F009B6DEC /* UIColorExtension.swift in Sources */,
				FD40089926C65B1F009B6DEC /* UIColorInputError.swift in Sources */,
				B180D47A261DD65600689F65 /* MathViewController.swift in Sources */,
				B180D451261DD62800689F65 /* CameraHandler.swift in Sources */,
				FDA34D7326771B3600B40781 /* UIImageView+.swift in Sources */,
				FD0966332626275500733D93 /* WriteBoardViewController.swift in Sources */,
				FD4008A626C65B2E009B6DEC /* GradientButton.swift in Sources */,
				FD0A8E852636FD0600CCB586 /* Double.swift in Sources */,
				B180D43F261DD61700689F65 /* LettersViewController.swift in Sources */,
				FD40089526C65B02009B6DEC /* WaveformLiveView.swift in Sources */,
				B180D41B261DD5AB00689F65 /* Sounds.swift in Sources */,
				FD40088926C65ADD009B6DEC /* SCAudioManager.m in Sources */,
				FDA34D7626771B3600B40781 /* CropView.swift in Sources */,
				FD40089A26C65B1F009B6DEC /* StringExtension.swift in Sources */,
				FDA34D7526771B3600B40781 /* CropPickerView.swift in Sources */,
				FD40089026C65B02009B6DEC /* WaveformImageDrawer.swift in Sources */,
				FD83BBD826768CB0000FE4DD /* ScaledElementProcessor.swift in Sources */,
				FD4008BA26C65C9B009B6DEC /* Choices.swift in Sources */,
				B180D47D261DD65600689F65 /* ArithmeticExpressionViewController.swift in Sources */,
				B180D422261DD5D900689F65 /* CALayer.swift in Sources */,
				FD40089426C65B02009B6DEC /* WaveformAnalyzer.swift in Sources */,
				FD0A8E862636FD0600CCB586 /* MathViewController1.swift in Sources */,
				FDB5C1A82620E78100F0DCFC /* PhraseViewController.swift in Sources */,
				B180D43E261DD61700689F65 /* CardCell.swift in Sources */,
				B180D457261DD62800689F65 /* AddContactViewController.swift in Sources */,
				B180D455261DD62800689F65 /* ChoiceCategoryViewController.swift in Sources */,
				B180D46E261DD64C00689F65 /* UppercaseLetters.swift in Sources */,
				B180D47B261DD65600689F65 /* ArithmeticExpressionView.swift in Sources */,
				FD4008BB26C65C9B009B6DEC /* DBHelper.swift in Sources */,
				FD4008AA26C65B2E009B6DEC /* CustomImageView.swift in Sources */,
				B180D442261DD61700689F65 /* CustomWordsViewController.swift in Sources */,
				B180D456261DD62800689F65 /* ContactSelectionViewController.swift in Sources */,
				B180D472261DD64C00689F65 /* Shapes.swift in Sources */,
				B180D41A261DD5AB00689F65 /* Label.swift in Sources */,
				B180D45F261DD63D00689F65 /* CategoryModel.swift in Sources */,
				B180D43D261DD61700689F65 /* SentenceCell.swift in Sources */,
				B180D452261DD62800689F65 /* DetailViewController.swift in Sources */,
				FD4008B926C65C9B009B6DEC /* NewChoiceVC.swift in Sources */,
				FD83BBD726768CB0000FE4DD /* +UIImage.swift in Sources */,
				B180D470261DD64C00689F65 /* Numbers.swift in Sources */,
				B180D437261DD61700689F65 /* HomeViewController.swift in Sources */,
				FD40089126C65B02009B6DEC /* TempiFFT.swift in Sources */,
				B170E29F261DC5630088EADE /* RecognizedInk.swift in Sources */,
				FDA34D6E26771B3600B40781 /* CropResult.swift in Sources */,
				B180D46A261DD64C00689F65 /* LowercaseLetters.swift in Sources */,
			);
			runOnlyForDeploymentPostprocessing = 0;
		};
		B1EEE1152816BF960047C6A9 /* Sources */ = {
			isa = PBXSourcesBuildPhase;
			buildActionMask = 2147483647;
			files = (
				B1EEE1232816BF960047C6A9 /* NotificationController.swift in Sources */,
				B1EEE1252816BF960047C6A9 /* ComplicationController.swift in Sources */,
				B1EEE1212816BF960047C6A9 /* ExtensionDelegate.swift in Sources */,
				B1EEE11F2816BF960047C6A9 /* InterfaceController.swift in Sources */,
			);
			runOnlyForDeploymentPostprocessing = 0;
		};
/* End PBXSourcesBuildPhase section */

/* Begin PBXTargetDependency section */
		B1EEE11C2816BF960047C6A9 /* PBXTargetDependency */ = {
			isa = PBXTargetDependency;
			target = B1EEE1182816BF960047C6A9 /* JoackyWriteriWatchApp WatchKit Extension */;
			targetProxy = B1EEE11B2816BF960047C6A9 /* PBXContainerItemProxy */;
		};
		B1EEE12B2816BF970047C6A9 /* PBXTargetDependency */ = {
			isa = PBXTargetDependency;
			target = B1EEE10D2816BF8F0047C6A9 /* JoackyWriteriWatchApp */;
			targetProxy = B1EEE12A2816BF970047C6A9 /* PBXContainerItemProxy */;
		};
/* End PBXTargetDependency section */

/* Begin PBXVariantGroup section */
		B170E281261DC4970088EADE /* LaunchScreen.storyboard */ = {
			isa = PBXVariantGroup;
			children = (
				B170E282261DC4970088EADE /* Base */,
			);
			name = LaunchScreen.storyboard;
			sourceTree = "<group>";
		};
		B1EEE1102816BF8F0047C6A9 /* Interface.storyboard */ = {
			isa = PBXVariantGroup;
			children = (
				B1EEE1112816BF8F0047C6A9 /* Base */,
			);
			name = Interface.storyboard;
			sourceTree = "<group>";
		};
		FD096635262627B700733D93 /* WriteStoryboard.storyboard */ = {
			isa = PBXVariantGroup;
			children = (
				FD096636262627B700733D93 /* Base */,
			);
			name = WriteStoryboard.storyboard;
			sourceTree = "<group>";
		};
/* End PBXVariantGroup section */

/* Begin XCBuildConfiguration section */
		B170E285261DC4970088EADE /* Debug */ = {
			isa = XCBuildConfiguration;
			buildSettings = {
				ALWAYS_SEARCH_USER_PATHS = NO;
				CLANG_ANALYZER_NONNULL = YES;
				CLANG_ANALYZER_NUMBER_OBJECT_CONVERSION = YES_AGGRESSIVE;
				CLANG_CXX_LANGUAGE_STANDARD = "gnu++14";
				CLANG_CXX_LIBRARY = "libc++";
				CLANG_ENABLE_MODULES = YES;
				CLANG_ENABLE_OBJC_ARC = YES;
				CLANG_ENABLE_OBJC_WEAK = YES;
				CLANG_WARN_BLOCK_CAPTURE_AUTORELEASING = YES;
				CLANG_WARN_BOOL_CONVERSION = YES;
				CLANG_WARN_COMMA = YES;
				CLANG_WARN_CONSTANT_CONVERSION = YES;
				CLANG_WARN_DEPRECATED_OBJC_IMPLEMENTATIONS = YES;
				CLANG_WARN_DIRECT_OBJC_ISA_USAGE = YES_ERROR;
				CLANG_WARN_DOCUMENTATION_COMMENTS = YES;
				CLANG_WARN_EMPTY_BODY = YES;
				CLANG_WARN_ENUM_CONVERSION = YES;
				CLANG_WARN_INFINITE_RECURSION = YES;
				CLANG_WARN_INT_CONVERSION = YES;
				CLANG_WARN_NON_LITERAL_NULL_CONVERSION = YES;
				CLANG_WARN_OBJC_IMPLICIT_RETAIN_SELF = YES;
				CLANG_WARN_OBJC_LITERAL_CONVERSION = YES;
				CLANG_WARN_OBJC_ROOT_CLASS = YES_ERROR;
				CLANG_WARN_QUOTED_INCLUDE_IN_FRAMEWORK_HEADER = YES;
				CLANG_WARN_RANGE_LOOP_ANALYSIS = YES;
				CLANG_WARN_STRICT_PROTOTYPES = YES;
				CLANG_WARN_SUSPICIOUS_MOVE = YES;
				CLANG_WARN_UNGUARDED_AVAILABILITY = YES_AGGRESSIVE;
				CLANG_WARN_UNREACHABLE_CODE = YES;
				CLANG_WARN__DUPLICATE_METHOD_MATCH = YES;
				COPY_PHASE_STRIP = NO;
				DEBUG_INFORMATION_FORMAT = "dwarf-with-dsym";
				ENABLE_STRICT_OBJC_MSGSEND = YES;
				ENABLE_TESTABILITY = YES;
				GCC_C_LANGUAGE_STANDARD = gnu11;
				GCC_DYNAMIC_NO_PIC = NO;
				GCC_NO_COMMON_BLOCKS = YES;
				GCC_OPTIMIZATION_LEVEL = 0;
				GCC_PREPROCESSOR_DEFINITIONS = (
					"DEBUG=1",
					"$(inherited)",
				);
				GCC_WARN_64_TO_32_BIT_CONVERSION = YES;
				GCC_WARN_ABOUT_RETURN_TYPE = YES_ERROR;
				GCC_WARN_UNDECLARED_SELECTOR = YES;
				GCC_WARN_UNINITIALIZED_AUTOS = YES_AGGRESSIVE;
				GCC_WARN_UNUSED_FUNCTION = YES;
				GCC_WARN_UNUSED_VARIABLE = YES;
				INFOPLIST_FILE = "";
				IPHONEOS_DEPLOYMENT_TARGET = 14.1;
				MTL_ENABLE_DEBUG_INFO = INCLUDE_SOURCE;
				MTL_FAST_MATH = YES;
				ONLY_ACTIVE_ARCH = YES;
				PRODUCT_BUNDLE_IDENTIFIER = "";
				SDKROOT = iphoneos;
				SWIFT_ACTIVE_COMPILATION_CONDITIONS = DEBUG;
				SWIFT_OPTIMIZATION_LEVEL = "-Onone";
			};
			name = Debug;
		};
		B170E286261DC4970088EADE /* Release */ = {
			isa = XCBuildConfiguration;
			buildSettings = {
				ALWAYS_SEARCH_USER_PATHS = NO;
				CLANG_ANALYZER_NONNULL = YES;
				CLANG_ANALYZER_NUMBER_OBJECT_CONVERSION = YES_AGGRESSIVE;
				CLANG_CXX_LANGUAGE_STANDARD = "gnu++14";
				CLANG_CXX_LIBRARY = "libc++";
				CLANG_ENABLE_MODULES = YES;
				CLANG_ENABLE_OBJC_ARC = YES;
				CLANG_ENABLE_OBJC_WEAK = YES;
				CLANG_WARN_BLOCK_CAPTURE_AUTORELEASING = YES;
				CLANG_WARN_BOOL_CONVERSION = YES;
				CLANG_WARN_COMMA = YES;
				CLANG_WARN_CONSTANT_CONVERSION = YES;
				CLANG_WARN_DEPRECATED_OBJC_IMPLEMENTATIONS = YES;
				CLANG_WARN_DIRECT_OBJC_ISA_USAGE = YES_ERROR;
				CLANG_WARN_DOCUMENTATION_COMMENTS = YES;
				CLANG_WARN_EMPTY_BODY = YES;
				CLANG_WARN_ENUM_CONVERSION = YES;
				CLANG_WARN_INFINITE_RECURSION = YES;
				CLANG_WARN_INT_CONVERSION = YES;
				CLANG_WARN_NON_LITERAL_NULL_CONVERSION = YES;
				CLANG_WARN_OBJC_IMPLICIT_RETAIN_SELF = YES;
				CLANG_WARN_OBJC_LITERAL_CONVERSION = YES;
				CLANG_WARN_OBJC_ROOT_CLASS = YES_ERROR;
				CLANG_WARN_QUOTED_INCLUDE_IN_FRAMEWORK_HEADER = YES;
				CLANG_WARN_RANGE_LOOP_ANALYSIS = YES;
				CLANG_WARN_STRICT_PROTOTYPES = YES;
				CLANG_WARN_SUSPICIOUS_MOVE = YES;
				CLANG_WARN_UNGUARDED_AVAILABILITY = YES_AGGRESSIVE;
				CLANG_WARN_UNREACHABLE_CODE = YES;
				CLANG_WARN__DUPLICATE_METHOD_MATCH = YES;
				COPY_PHASE_STRIP = NO;
				DEBUG_INFORMATION_FORMAT = "dwarf-with-dsym";
				ENABLE_NS_ASSERTIONS = NO;
				ENABLE_STRICT_OBJC_MSGSEND = YES;
				GCC_C_LANGUAGE_STANDARD = gnu11;
				GCC_NO_COMMON_BLOCKS = YES;
				GCC_WARN_64_TO_32_BIT_CONVERSION = YES;
				GCC_WARN_ABOUT_RETURN_TYPE = YES_ERROR;
				GCC_WARN_UNDECLARED_SELECTOR = YES;
				GCC_WARN_UNINITIALIZED_AUTOS = YES_AGGRESSIVE;
				GCC_WARN_UNUSED_FUNCTION = YES;
				GCC_WARN_UNUSED_VARIABLE = YES;
				INFOPLIST_FILE = "";
				IPHONEOS_DEPLOYMENT_TARGET = 14.1;
				MTL_ENABLE_DEBUG_INFO = NO;
				MTL_FAST_MATH = YES;
				PRODUCT_BUNDLE_IDENTIFIER = "";
				SDKROOT = iphoneos;
				SWIFT_COMPILATION_MODE = wholemodule;
				SWIFT_OPTIMIZATION_LEVEL = "-O";
				VALIDATE_PRODUCT = YES;
			};
			name = Release;
		};
		B170E288261DC4970088EADE /* Debug */ = {
			isa = XCBuildConfiguration;
			baseConfigurationReference = 135428BC1380ACB19DB6FCC8 /* Pods-JoackyWriter.debug.xcconfig */;
			buildSettings = {
				ARCHS = "$(ARCHS_STANDARD)";
				ASSETCATALOG_COMPILER_APPICON_NAME = AppIcon;
				ASSETCATALOG_COMPILER_GLOBAL_ACCENT_COLOR_NAME = AccentColor;
				CLANG_ENABLE_MODULES = YES;
				CODE_SIGN_STYLE = Automatic;
				CURRENT_PROJECT_VERSION = 2;
				DEBUG_INFORMATION_FORMAT = "dwarf-with-dsym";
				DEVELOPMENT_TEAM = 8DLVSYMYK7;
				ENABLE_BITCODE = YES;
				"EXCLUDED_ARCHS[sdk=iphonesimulator*]" = arm64;
				INFOPLIST_FILE = JoackyWriter/Info.plist;
				IPHONEOS_DEPLOYMENT_TARGET = 13.0;
				LD_RUNPATH_SEARCH_PATHS = (
					"$(inherited)",
					"@executable_path/Frameworks",
				);
				MARKETING_VERSION = 1.1.2;
				PRODUCT_BUNDLE_IDENTIFIER = com.picaboo.com.JaclynSia.JoackyWriter1;
				PRODUCT_NAME = "$(TARGET_NAME)";
				SWIFT_OBJC_BRIDGING_HEADER = "JoackyWriter/Resource/DSWaveformImage/JoackyWriter-Bridging-Header.h";
				SWIFT_OPTIMIZATION_LEVEL = "-Onone";
				SWIFT_VERSION = 5.0;
				TARGETED_DEVICE_FAMILY = "1,2";
			};
			name = Debug;
		};
		B170E289261DC4970088EADE /* Release */ = {
			isa = XCBuildConfiguration;
			baseConfigurationReference = AD2E68EFFDBFBA8B6138D0E0 /* Pods-JoackyWriter.release.xcconfig */;
			buildSettings = {
				ARCHS = "$(ARCHS_STANDARD)";
				ASSETCATALOG_COMPILER_APPICON_NAME = AppIcon;
				ASSETCATALOG_COMPILER_GLOBAL_ACCENT_COLOR_NAME = AccentColor;
				CLANG_ENABLE_MODULES = YES;
				CODE_SIGN_STYLE = Automatic;
				CURRENT_PROJECT_VERSION = 2;
				DEVELOPMENT_TEAM = 8DLVSYMYK7;
				ENABLE_BITCODE = YES;
				"EXCLUDED_ARCHS[sdk=iphonesimulator*]" = arm64;
				INFOPLIST_FILE = JoackyWriter/Info.plist;
				IPHONEOS_DEPLOYMENT_TARGET = 13.0;
				LD_RUNPATH_SEARCH_PATHS = (
					"$(inherited)",
					"@executable_path/Frameworks",
				);
				MARKETING_VERSION = 1.1.2;
				PRODUCT_BUNDLE_IDENTIFIER = com.picaboo.com.JaclynSia.JoackyWriter1;
				PRODUCT_NAME = "$(TARGET_NAME)";
				SWIFT_OBJC_BRIDGING_HEADER = "JoackyWriter/Resource/DSWaveformImage/JoackyWriter-Bridging-Header.h";
				SWIFT_VERSION = 5.0;
				TARGETED_DEVICE_FAMILY = "1,2";
			};
			name = Release;
		};
		B1EEE12E2816BF970047C6A9 /* Debug */ = {
			isa = XCBuildConfiguration;
			buildSettings = {
				ALWAYS_EMBED_SWIFT_STANDARD_LIBRARIES = YES;
				ASSETCATALOG_COMPILER_APPICON_NAME = AppIcon;
				ASSETCATALOG_COMPILER_GLOBAL_ACCENT_COLOR_NAME = AccentColor;
				CLANG_CXX_LANGUAGE_STANDARD = "gnu++17";
				CODE_SIGN_STYLE = Automatic;
				CURRENT_PROJECT_VERSION = 2;
				DEBUG_INFORMATION_FORMAT = dwarf;
				DEVELOPMENT_TEAM = 8DLVSYMYK7;
				GENERATE_INFOPLIST_FILE = YES;
				IBSC_MODULE = JoackyWriteriWatchApp_WatchKit_Extension;
				INFOPLIST_KEY_CFBundleDisplayName = JoackyWriteriWatchApp;
				INFOPLIST_KEY_UISupportedInterfaceOrientations = "UIInterfaceOrientationPortrait UIInterfaceOrientationPortraitUpsideDown";
				INFOPLIST_KEY_WKCompanionAppBundleIdentifier = com.picaboo.com.JaclynSia.JoackyWriter1;
				MARKETING_VERSION = 1.1.2;
				PRODUCT_BUNDLE_IDENTIFIER = com.picaboo.com.JaclynSia.JoackyWriter1.watchkitapp;
				PRODUCT_NAME = "$(TARGET_NAME)";
				SDKROOT = watchos;
				SKIP_INSTALL = YES;
				SWIFT_EMIT_LOC_STRINGS = YES;
				SWIFT_VERSION = 5.0;
				TARGETED_DEVICE_FAMILY = 4;
				WATCHOS_DEPLOYMENT_TARGET = 7.0;
			};
			name = Debug;
		};
		B1EEE12F2816BF970047C6A9 /* Release */ = {
			isa = XCBuildConfiguration;
			buildSettings = {
				ALWAYS_EMBED_SWIFT_STANDARD_LIBRARIES = YES;
				ASSETCATALOG_COMPILER_APPICON_NAME = AppIcon;
				ASSETCATALOG_COMPILER_GLOBAL_ACCENT_COLOR_NAME = AccentColor;
				CLANG_CXX_LANGUAGE_STANDARD = "gnu++17";
				CODE_SIGN_STYLE = Automatic;
				CURRENT_PROJECT_VERSION = 2;
				DEVELOPMENT_TEAM = 8DLVSYMYK7;
				GENERATE_INFOPLIST_FILE = YES;
				IBSC_MODULE = JoackyWriteriWatchApp_WatchKit_Extension;
				INFOPLIST_KEY_CFBundleDisplayName = JoackyWriteriWatchApp;
				INFOPLIST_KEY_UISupportedInterfaceOrientations = "UIInterfaceOrientationPortrait UIInterfaceOrientationPortraitUpsideDown";
				INFOPLIST_KEY_WKCompanionAppBundleIdentifier = com.picaboo.com.JaclynSia.JoackyWriter1;
				MARKETING_VERSION = 1.1.2;
				PRODUCT_BUNDLE_IDENTIFIER = com.picaboo.com.JaclynSia.JoackyWriter1.watchkitapp;
				PRODUCT_NAME = "$(TARGET_NAME)";
				SDKROOT = watchos;
				SKIP_INSTALL = YES;
				SWIFT_EMIT_LOC_STRINGS = YES;
				SWIFT_VERSION = 5.0;
				TARGETED_DEVICE_FAMILY = 4;
				WATCHOS_DEPLOYMENT_TARGET = 7.0;
			};
			name = Release;
		};
		B1EEE1312816BF970047C6A9 /* Debug */ = {
			isa = XCBuildConfiguration;
			buildSettings = {
				ASSETCATALOG_COMPILER_COMPLICATION_NAME = Complication;
				CLANG_CXX_LANGUAGE_STANDARD = "gnu++17";
				CODE_SIGN_STYLE = Automatic;
				CURRENT_PROJECT_VERSION = 2;
				DEBUG_INFORMATION_FORMAT = dwarf;
				DEVELOPMENT_TEAM = 8DLVSYMYK7;
				GENERATE_INFOPLIST_FILE = YES;
				INFOPLIST_FILE = "JoackyWriteriWatchApp WatchKit Extension/Info.plist";
				INFOPLIST_KEY_CFBundleDisplayName = "JoackyWriteriWatchApp WatchKit Extension";
				INFOPLIST_KEY_CLKComplicationPrincipalClass = JoackyWriteriWatchApp_WatchKit_Extension.ComplicationController;
				INFOPLIST_KEY_NSHumanReadableCopyright = "";
				INFOPLIST_KEY_WKExtensionDelegateClassName = JoackyWriteriWatchApp_WatchKit_Extension.ExtensionDelegate;
				LD_RUNPATH_SEARCH_PATHS = (
					"$(inherited)",
					"@executable_path/Frameworks",
					"@executable_path/../../Frameworks",
				);
				MARKETING_VERSION = 1.1.2;
				PRODUCT_BUNDLE_IDENTIFIER = com.picaboo.com.JaclynSia.JoackyWriter1.watchkitapp.watchkitextension;
				PRODUCT_NAME = "${TARGET_NAME}";
				SDKROOT = watchos;
				SKIP_INSTALL = YES;
				SWIFT_EMIT_LOC_STRINGS = YES;
				SWIFT_VERSION = 5.0;
				TARGETED_DEVICE_FAMILY = 4;
				WATCHOS_DEPLOYMENT_TARGET = 7.0;
			};
			name = Debug;
		};
		B1EEE1322816BF970047C6A9 /* Release */ = {
			isa = XCBuildConfiguration;
			buildSettings = {
				ASSETCATALOG_COMPILER_COMPLICATION_NAME = Complication;
				CLANG_CXX_LANGUAGE_STANDARD = "gnu++17";
				CODE_SIGN_STYLE = Automatic;
				CURRENT_PROJECT_VERSION = 2;
				DEVELOPMENT_TEAM = 8DLVSYMYK7;
				GENERATE_INFOPLIST_FILE = YES;
				INFOPLIST_FILE = "JoackyWriteriWatchApp WatchKit Extension/Info.plist";
				INFOPLIST_KEY_CFBundleDisplayName = "JoackyWriteriWatchApp WatchKit Extension";
				INFOPLIST_KEY_CLKComplicationPrincipalClass = JoackyWriteriWatchApp_WatchKit_Extension.ComplicationController;
				INFOPLIST_KEY_NSHumanReadableCopyright = "";
				INFOPLIST_KEY_WKExtensionDelegateClassName = JoackyWriteriWatchApp_WatchKit_Extension.ExtensionDelegate;
				LD_RUNPATH_SEARCH_PATHS = (
					"$(inherited)",
					"@executable_path/Frameworks",
					"@executable_path/../../Frameworks",
				);
				MARKETING_VERSION = 1.1.2;
				PRODUCT_BUNDLE_IDENTIFIER = com.picaboo.com.JaclynSia.JoackyWriter1.watchkitapp.watchkitextension;
				PRODUCT_NAME = "${TARGET_NAME}";
				SDKROOT = watchos;
				SKIP_INSTALL = YES;
				SWIFT_EMIT_LOC_STRINGS = YES;
				SWIFT_VERSION = 5.0;
				TARGETED_DEVICE_FAMILY = 4;
				WATCHOS_DEPLOYMENT_TARGET = 7.0;
			};
			name = Release;
		};
/* End XCBuildConfiguration section */

/* Begin XCConfigurationList section */
		B170E26E261DC4950088EADE /* Build configuration list for PBXProject "JoackyWriter" */ = {
			isa = XCConfigurationList;
			buildConfigurations = (
				B170E285261DC4970088EADE /* Debug */,
				B170E286261DC4970088EADE /* Release */,
			);
			defaultConfigurationIsVisible = 0;
			defaultConfigurationName = Release;
		};
		B170E287261DC4970088EADE /* Build configuration list for PBXNativeTarget "JoackyWriter" */ = {
			isa = XCConfigurationList;
			buildConfigurations = (
				B170E288261DC4970088EADE /* Debug */,
				B170E289261DC4970088EADE /* Release */,
			);
			defaultConfigurationIsVisible = 0;
			defaultConfigurationName = Release;
		};
		B1EEE1332816BF970047C6A9 /* Build configuration list for PBXNativeTarget "JoackyWriteriWatchApp WatchKit Extension" */ = {
			isa = XCConfigurationList;
			buildConfigurations = (
				B1EEE1312816BF970047C6A9 /* Debug */,
				B1EEE1322816BF970047C6A9 /* Release */,
			);
			defaultConfigurationIsVisible = 0;
			defaultConfigurationName = Release;
		};
		B1EEE1342816BF970047C6A9 /* Build configuration list for PBXNativeTarget "JoackyWriteriWatchApp" */ = {
			isa = XCConfigurationList;
			buildConfigurations = (
				B1EEE12E2816BF970047C6A9 /* Debug */,
				B1EEE12F2816BF970047C6A9 /* Release */,
			);
			defaultConfigurationIsVisible = 0;
			defaultConfigurationName = Release;
		};
/* End XCConfigurationList section */
	};
	rootObject = B170E26B261DC4950088EADE /* Project object */;
}
